
Microsoft Visual Studio Solution File, Format Version 12.00
# Visual Studio 14
VisualStudioVersion = 14.0.24720.0
MinimumVisualStudioVersion = 10.0.40219.1
Project("{8BC9CEB8-8B4A-11D0-8D11-00A0C91BC942}") = "zip.lib", "zip.lib.vcxproj", "{7403F597-14F6-4F33-9800-CCF459C2C074}"
	ProjectSection(ProjectDependencies) = postProject
		{4109E1AD-E10F-412C-9917-1E381D82EEE6} = {4109E1AD-E10F-412C-9917-1E381D82EEE6}
	EndProjectSection
EndProject
Project("{8BC9CEB8-8B4A-11D0-8D11-00A0C91BC942}") = "GLG3D.lib", "GLG3D.lib.vcxproj", "{61744C3D-4AEB-4272-9764-8FC78D7205D9}"
	ProjectSection(ProjectDependencies) = postProject
		{9EA37246-6A7B-4BCF-A524-21A7FF70E65C} = {9EA37246-6A7B-4BCF-A524-21A7FF70E65C}
		{145AA958-4FB6-4A12-8594-BB8FE0C40BD3} = {145AA958-4FB6-4A12-8594-BB8FE0C40BD3}
		{5691E159-2D9B-407F-971F-EA5C592DC524} = {5691E159-2D9B-407F-971F-EA5C592DC524}
		{065AF397-08B3-4454-93DC-1F4B519ED3B1} = {065AF397-08B3-4454-93DC-1F4B519ED3B1}
		{7403F597-14F6-4F33-9800-CCF459C2C074} = {7403F597-14F6-4F33-9800-CCF459C2C074}
		{4109E1AD-E10F-412C-9917-1E381D82EEE6} = {4109E1AD-E10F-412C-9917-1E381D82EEE6}
		{CF984DD7-7048-4938-A1B3-AD8EC1221B99} = {CF984DD7-7048-4938-A1B3-AD8EC1221B99}
	EndProjectSection
EndProject
Project("{8BC9CEB8-8B4A-11D0-8D11-00A0C91BC942}") = "zlib.lib", "zlib.lib.vcxproj", "{4109E1AD-E10F-412C-9917-1E381D82EEE6}"
EndProject
Project("{8BC9CEB8-8B4A-11D0-8D11-00A0C91BC942}") = "copyIfNewer", "copyIfNewer.vcxproj", "{5080535A-7851-48C8-A5D9-10F49112AB1F}"
	ProjectSection(ProjectDependencies) = postProject
		{9EA37246-6A7B-4BCF-A524-21A7FF70E65C} = {9EA37246-6A7B-4BCF-A524-21A7FF70E65C}
		{7403F597-14F6-4F33-9800-CCF459C2C074} = {7403F597-14F6-4F33-9800-CCF459C2C074}
		{4109E1AD-E10F-412C-9917-1E381D82EEE6} = {4109E1AD-E10F-412C-9917-1E381D82EEE6}
	EndProjectSection
EndProject
Project("{8BC9CEB8-8B4A-11D0-8D11-00A0C91BC942}") = "geometryShader", "geometryShader.vcxproj", "{69D4DBB6-C76A-4BBC-A029-AA99693A406F}"
	ProjectSection(ProjectDependencies) = postProject
		{61744C3D-4AEB-4272-9764-8FC78D7205D9} = {61744C3D-4AEB-4272-9764-8FC78D7205D9}
		{9EA37246-6A7B-4BCF-A524-21A7FF70E65C} = {9EA37246-6A7B-4BCF-A524-21A7FF70E65C}
	EndProjectSection
EndProject
Project("{8BC9CEB8-8B4A-11D0-8D11-00A0C91BC942}") = "multiview", "multiview.vcxproj", "{AB43A471-F4D0-423B-B970-1B3825BF366F}"
	ProjectSection(ProjectDependencies) = postProject
		{61744C3D-4AEB-4272-9764-8FC78D7205D9} = {61744C3D-4AEB-4272-9764-8FC78D7205D9}
		{9EA37246-6A7B-4BCF-A524-21A7FF70E65C} = {9EA37246-6A7B-4BCF-A524-21A7FF70E65C}
	EndProjectSection
EndProject
Project("{8BC9CEB8-8B4A-11D0-8D11-00A0C91BC942}") = "pixelShader", "pixelShader.vcxproj", "{A5AFADCD-0ABC-4F97-9973-6CC4239F34C9}"
	ProjectSection(ProjectDependencies) = postProject
		{61744C3D-4AEB-4272-9764-8FC78D7205D9} = {61744C3D-4AEB-4272-9764-8FC78D7205D9}
		{9EA37246-6A7B-4BCF-A524-21A7FF70E65C} = {9EA37246-6A7B-4BCF-A524-21A7FF70E65C}
	EndProjectSection
EndProject
Project("{8BC9CEB8-8B4A-11D0-8D11-00A0C91BC942}") = "scratch-morgan", "scratch-morgan.vcxproj", "{AAA76702-0DFE-48FA-ACDE-E0F519F7DF4A}"
	ProjectSection(ProjectDependencies) = postProject
		{61744C3D-4AEB-4272-9764-8FC78D7205D9} = {61744C3D-4AEB-4272-9764-8FC78D7205D9}
		{9EA37246-6A7B-4BCF-A524-21A7FF70E65C} = {9EA37246-6A7B-4BCF-A524-21A7FF70E65C}
		{7403F597-14F6-4F33-9800-CCF459C2C074} = {7403F597-14F6-4F33-9800-CCF459C2C074}
		{4109E1AD-E10F-412C-9917-1E381D82EEE6} = {4109E1AD-E10F-412C-9917-1E381D82EEE6}
	EndProjectSection
EndProject
Project("{8BC9CEB8-8B4A-11D0-8D11-00A0C91BC942}") = "test", "test.vcxproj", "{E87FA986-69AF-41E7-B971-E0A515A71673}"
	ProjectSection(ProjectDependencies) = postProject
		{61744C3D-4AEB-4272-9764-8FC78D7205D9} = {61744C3D-4AEB-4272-9764-8FC78D7205D9}
		{9EA37246-6A7B-4BCF-A524-21A7FF70E65C} = {9EA37246-6A7B-4BCF-A524-21A7FF70E65C}
	EndProjectSection
EndProject
Project("{8BC9CEB8-8B4A-11D0-8D11-00A0C91BC942}") = "viewer", "viewer.vcxproj", "{868D7D4D-8F70-4686-803B-615BB9406658}"
	ProjectSection(ProjectDependencies) = postProject
		{61744C3D-4AEB-4272-9764-8FC78D7205D9} = {61744C3D-4AEB-4272-9764-8FC78D7205D9}
		{9EA37246-6A7B-4BCF-A524-21A7FF70E65C} = {9EA37246-6A7B-4BCF-A524-21A7FF70E65C}
		{145AA958-4FB6-4A12-8594-BB8FE0C40BD3} = {145AA958-4FB6-4A12-8594-BB8FE0C40BD3}
		{5691E159-2D9B-407F-971F-EA5C592DC524} = {5691E159-2D9B-407F-971F-EA5C592DC524}
		{EFBA5960-D8F8-4B33-92E5-40F39A398B45} = {EFBA5960-D8F8-4B33-92E5-40F39A398B45}
		{6F419964-101D-4248-A657-B26139AC684C} = {6F419964-101D-4248-A657-B26139AC684C}
		{E893FD69-A904-4E47-A1F9-4E1DC6FB413D} = {E893FD69-A904-4E47-A1F9-4E1DC6FB413D}
		{7403F597-14F6-4F33-9800-CCF459C2C074} = {7403F597-14F6-4F33-9800-CCF459C2C074}
		{4109E1AD-E10F-412C-9917-1E381D82EEE6} = {4109E1AD-E10F-412C-9917-1E381D82EEE6}
		{1A4CC9C5-D693-4ADA-9866-E8ED97FDF0A0} = {1A4CC9C5-D693-4ADA-9866-E8ED97FDF0A0}
		{CF984DD7-7048-4938-A1B3-AD8EC1221B99} = {CF984DD7-7048-4938-A1B3-AD8EC1221B99}
	EndProjectSection
EndProject
Project("{8BC9CEB8-8B4A-11D0-8D11-00A0C91BC942}") = "G3D.lib", "G3D.lib.vcxproj", "{9EA37246-6A7B-4BCF-A524-21A7FF70E65C}"
	ProjectSection(ProjectDependencies) = postProject
		{6F419964-101D-4248-A657-B26139AC684C} = {6F419964-101D-4248-A657-B26139AC684C}
		{065AF397-08B3-4454-93DC-1F4B519ED3B1} = {065AF397-08B3-4454-93DC-1F4B519ED3B1}
		{7403F597-14F6-4F33-9800-CCF459C2C074} = {7403F597-14F6-4F33-9800-CCF459C2C074}
		{4109E1AD-E10F-412C-9917-1E381D82EEE6} = {4109E1AD-E10F-412C-9917-1E381D82EEE6}
		{1A4CC9C5-D693-4ADA-9866-E8ED97FDF0A0} = {1A4CC9C5-D693-4ADA-9866-E8ED97FDF0A0}
	EndProjectSection
EndProject
Project("{8BC9CEB8-8B4A-11D0-8D11-00A0C91BC942}") = "Documentation", "Documentation.vcxproj", "{3BCF1B24-F228-4D95-B100-9300E0886C85}"
EndProject
Project("{8BC9CEB8-8B4A-11D0-8D11-00A0C91BC942}") = "remoteRender", "remoteRender.vcxproj", "{C99B2281-5F0F-4AAF-B2B9-F9468A024E54}"
	ProjectSection(ProjectDependencies) = postProject
		{61744C3D-4AEB-4272-9764-8FC78D7205D9} = {61744C3D-4AEB-4272-9764-8FC78D7205D9}
		{9EA37246-6A7B-4BCF-A524-21A7FF70E65C} = {9EA37246-6A7B-4BCF-A524-21A7FF70E65C}
		{EFBA5960-D8F8-4B33-92E5-40F39A398B45} = {EFBA5960-D8F8-4B33-92E5-40F39A398B45}
		{E893FD69-A904-4E47-A1F9-4E1DC6FB413D} = {E893FD69-A904-4E47-A1F9-4E1DC6FB413D}
		{7403F597-14F6-4F33-9800-CCF459C2C074} = {7403F597-14F6-4F33-9800-CCF459C2C074}
		{4109E1AD-E10F-412C-9917-1E381D82EEE6} = {4109E1AD-E10F-412C-9917-1E381D82EEE6}
		{1A4CC9C5-D693-4ADA-9866-E8ED97FDF0A0} = {1A4CC9C5-D693-4ADA-9866-E8ED97FDF0A0}
	EndProjectSection
EndProject
Project("{8BC9CEB8-8B4A-11D0-8D11-00A0C91BC942}") = "BuildScripts", "BuildScripts.vcxproj", "{985177F9-F95C-4815-88A1-D71C108D6C56}"
EndProject
Project("{8BC9CEB8-8B4A-11D0-8D11-00A0C91BC942}") = "freeimage.lib", "freeimage.lib.vcxproj", "{1A4CC9C5-D693-4ADA-9866-E8ED97FDF0A0}"
EndProject
Project("{8BC9CEB8-8B4A-11D0-8D11-00A0C91BC942}") = "scratch-michael", "scratch-michael.vcxproj", "{2175D5EA-7A70-4BFE-81BB-14C222961EA6}"
	ProjectSection(ProjectDependencies) = postProject
		{61744C3D-4AEB-4272-9764-8FC78D7205D9} = {61744C3D-4AEB-4272-9764-8FC78D7205D9}
		{9EA37246-6A7B-4BCF-A524-21A7FF70E65C} = {9EA37246-6A7B-4BCF-A524-21A7FF70E65C}
		{E893FD69-A904-4E47-A1F9-4E1DC6FB413D} = {E893FD69-A904-4E47-A1F9-4E1DC6FB413D}
		{7403F597-14F6-4F33-9800-CCF459C2C074} = {7403F597-14F6-4F33-9800-CCF459C2C074}
		{4109E1AD-E10F-412C-9917-1E381D82EEE6} = {4109E1AD-E10F-412C-9917-1E381D82EEE6}
		{1A4CC9C5-D693-4ADA-9866-E8ED97FDF0A0} = {1A4CC9C5-D693-4ADA-9866-E8ED97FDF0A0}
	EndProjectSection
EndProject
Project("{8BC9CEB8-8B4A-11D0-8D11-00A0C91BC942}") = "allStagesShader", "allStagesShader.vcxproj", "{EB63548D-C27D-4C51-AF81-587361868EB2}"
	ProjectSection(ProjectDependencies) = postProject
		{61744C3D-4AEB-4272-9764-8FC78D7205D9} = {61744C3D-4AEB-4272-9764-8FC78D7205D9}
		{9EA37246-6A7B-4BCF-A524-21A7FF70E65C} = {9EA37246-6A7B-4BCF-A524-21A7FF70E65C}
	EndProjectSection
EndProject
Project("{8BC9CEB8-8B4A-11D0-8D11-00A0C91BC942}") = "enet.lib", "enet.lib.vcxproj", "{6F419964-101D-4248-A657-B26139AC684C}"
EndProject
Project("{8BC9CEB8-8B4A-11D0-8D11-00A0C91BC942}") = "entity", "entity.vcxproj", "{FD12E5C8-116F-47FC-B76F-198A54FB8DA1}"
	ProjectSection(ProjectDependencies) = postProject
		{61744C3D-4AEB-4272-9764-8FC78D7205D9} = {61744C3D-4AEB-4272-9764-8FC78D7205D9}
		{9EA37246-6A7B-4BCF-A524-21A7FF70E65C} = {9EA37246-6A7B-4BCF-A524-21A7FF70E65C}
	EndProjectSection
EndProject
Project("{8BC9CEB8-8B4A-11D0-8D11-00A0C91BC942}") = "photonMap", "photonMap.vcxproj", "{1AD98E10-5C66-46B3-9139-05217F5B930E}"
	ProjectSection(ProjectDependencies) = postProject
		{61744C3D-4AEB-4272-9764-8FC78D7205D9} = {61744C3D-4AEB-4272-9764-8FC78D7205D9}
		{9EA37246-6A7B-4BCF-A524-21A7FF70E65C} = {9EA37246-6A7B-4BCF-A524-21A7FF70E65C}
	EndProjectSection
EndProject
Project("{8BC9CEB8-8B4A-11D0-8D11-00A0C91BC942}") = "glfw.lib", "glfw.lib.vcxproj", "{145AA958-4FB6-4A12-8594-BB8FE0C40BD3}"
EndProject
Project("{8BC9CEB8-8B4A-11D0-8D11-00A0C91BC942}") = "scratch-sam", "scratch-sam.vcxproj", "{218B9A94-1E56-4260-AD82-F2043E8105D3}"
	ProjectSection(ProjectDependencies) = postProject
		{61744C3D-4AEB-4272-9764-8FC78D7205D9} = {61744C3D-4AEB-4272-9764-8FC78D7205D9}
		{9EA37246-6A7B-4BCF-A524-21A7FF70E65C} = {9EA37246-6A7B-4BCF-A524-21A7FF70E65C}
	EndProjectSection
EndProject
Project("{8BC9CEB8-8B4A-11D0-8D11-00A0C91BC942}") = "netchat", "netchat.vcxproj", "{8BD125B9-4F3C-4D19-B902-68974F34BD59}"
	ProjectSection(ProjectDependencies) = postProject
		{61744C3D-4AEB-4272-9764-8FC78D7205D9} = {61744C3D-4AEB-4272-9764-8FC78D7205D9}
		{9EA37246-6A7B-4BCF-A524-21A7FF70E65C} = {9EA37246-6A7B-4BCF-A524-21A7FF70E65C}
		{145AA958-4FB6-4A12-8594-BB8FE0C40BD3} = {145AA958-4FB6-4A12-8594-BB8FE0C40BD3}
		{6F419964-101D-4248-A657-B26139AC684C} = {6F419964-101D-4248-A657-B26139AC684C}
		{7403F597-14F6-4F33-9800-CCF459C2C074} = {7403F597-14F6-4F33-9800-CCF459C2C074}
		{4109E1AD-E10F-412C-9917-1E381D82EEE6} = {4109E1AD-E10F-412C-9917-1E381D82EEE6}
		{1A4CC9C5-D693-4ADA-9866-E8ED97FDF0A0} = {1A4CC9C5-D693-4ADA-9866-E8ED97FDF0A0}
	EndProjectSection
EndProject
Project("{8BC9CEB8-8B4A-11D0-8D11-00A0C91BC942}") = "tinyStarter", "tinyStarter.vcxproj", "{F882EBCD-D60D-4491-B3CC-7AB027CB25C9}"
	ProjectSection(ProjectDependencies) = postProject
		{61744C3D-4AEB-4272-9764-8FC78D7205D9} = {61744C3D-4AEB-4272-9764-8FC78D7205D9}
		{9EA37246-6A7B-4BCF-A524-21A7FF70E65C} = {9EA37246-6A7B-4BCF-A524-21A7FF70E65C}
		{5691E159-2D9B-407F-971F-EA5C592DC524} = {5691E159-2D9B-407F-971F-EA5C592DC524}
		{6F419964-101D-4248-A657-B26139AC684C} = {6F419964-101D-4248-A657-B26139AC684C}
		{E893FD69-A904-4E47-A1F9-4E1DC6FB413D} = {E893FD69-A904-4E47-A1F9-4E1DC6FB413D}
		{7403F597-14F6-4F33-9800-CCF459C2C074} = {7403F597-14F6-4F33-9800-CCF459C2C074}
		{4109E1AD-E10F-412C-9917-1E381D82EEE6} = {4109E1AD-E10F-412C-9917-1E381D82EEE6}
	EndProjectSection
EndProject
Project("{8BC9CEB8-8B4A-11D0-8D11-00A0C91BC942}") = "assimp.lib", "assimp.lib.vcxproj", "{5691E159-2D9B-407F-971F-EA5C592DC524}"
EndProject
Project("{8BC9CEB8-8B4A-11D0-8D11-00A0C91BC942}") = "qrencode.lib", "qrencode.lib.vcxproj", "{EFBA5960-D8F8-4B33-92E5-40F39A398B45}"
EndProject
Project("{2150E333-8FDC-42A3-9474-1A3956D46DE8}") = "Samples", "Samples", "{46ECEE0B-8B76-4431-84D3-38E83460A3AC}"
	ProjectSection(SolutionItems) = preProject
		..\samples\readme.md = ..\samples\readme.md
	EndProjectSection
EndProject
Project("{8BC9CEB8-8B4A-11D0-8D11-00A0C91BC942}") = "starter", "..\samples\starter\main.vcxproj", "{B87D787E-E674-465A-AED3-8264ED17DFB1}"
	ProjectSection(ProjectDependencies) = postProject
		{61744C3D-4AEB-4272-9764-8FC78D7205D9} = {61744C3D-4AEB-4272-9764-8FC78D7205D9}
		{9EA37246-6A7B-4BCF-A524-21A7FF70E65C} = {9EA37246-6A7B-4BCF-A524-21A7FF70E65C}
		{145AA958-4FB6-4A12-8594-BB8FE0C40BD3} = {145AA958-4FB6-4A12-8594-BB8FE0C40BD3}
		{5691E159-2D9B-407F-971F-EA5C592DC524} = {5691E159-2D9B-407F-971F-EA5C592DC524}
		{6F419964-101D-4248-A657-B26139AC684C} = {6F419964-101D-4248-A657-B26139AC684C}
		{065AF397-08B3-4454-93DC-1F4B519ED3B1} = {065AF397-08B3-4454-93DC-1F4B519ED3B1}
		{7403F597-14F6-4F33-9800-CCF459C2C074} = {7403F597-14F6-4F33-9800-CCF459C2C074}
		{4109E1AD-E10F-412C-9917-1E381D82EEE6} = {4109E1AD-E10F-412C-9917-1E381D82EEE6}
		{1A4CC9C5-D693-4ADA-9866-E8ED97FDF0A0} = {1A4CC9C5-D693-4ADA-9866-E8ED97FDF0A0}
		{CF984DD7-7048-4938-A1B3-AD8EC1221B99} = {CF984DD7-7048-4938-A1B3-AD8EC1221B99}
	EndProjectSection
EndProject
Project("{2150E333-8FDC-42A3-9474-1A3956D46DE8}") = "Developer Scratch Space", "Developer Scratch Space", "{E1D03FCB-EB64-4FB0-A0FE-9BC4474B5446}"
EndProject
Project("{2150E333-8FDC-42A3-9474-1A3956D46DE8}") = "External Libraries", "External Libraries", "{4BF9F162-90DD-46E4-81F6-6DA46C61C715}"
EndProject
Project("{8BC9CEB8-8B4A-11D0-8D11-00A0C91BC942}") = "simpleGame", "simpleGame.vcxproj", "{805921ED-D494-4F1D-8B8F-8758A6AD1E31}"
	ProjectSection(ProjectDependencies) = postProject
		{61744C3D-4AEB-4272-9764-8FC78D7205D9} = {61744C3D-4AEB-4272-9764-8FC78D7205D9}
		{9EA37246-6A7B-4BCF-A524-21A7FF70E65C} = {9EA37246-6A7B-4BCF-A524-21A7FF70E65C}
	EndProjectSection
EndProject
Project("{8BC9CEB8-8B4A-11D0-8D11-00A0C91BC942}") = "scratch-cyril", "scratch-cyril.vcxproj", "{A865411E-4ACA-4F31-B7EE-E62D33343155}"
EndProject
Project("{8BC9CEB8-8B4A-11D0-8D11-00A0C91BC942}") = "scratch-morgan2", "scratch-morgan2.vcxproj", "{88376200-8BE6-4436-8F66-388F3366BF84}"
	ProjectSection(ProjectDependencies) = postProject
		{61744C3D-4AEB-4272-9764-8FC78D7205D9} = {61744C3D-4AEB-4272-9764-8FC78D7205D9}
		{9EA37246-6A7B-4BCF-A524-21A7FF70E65C} = {9EA37246-6A7B-4BCF-A524-21A7FF70E65C}
		{145AA958-4FB6-4A12-8594-BB8FE0C40BD3} = {145AA958-4FB6-4A12-8594-BB8FE0C40BD3}
		{5691E159-2D9B-407F-971F-EA5C592DC524} = {5691E159-2D9B-407F-971F-EA5C592DC524}
		{EFBA5960-D8F8-4B33-92E5-40F39A398B45} = {EFBA5960-D8F8-4B33-92E5-40F39A398B45}
		{6F419964-101D-4248-A657-B26139AC684C} = {6F419964-101D-4248-A657-B26139AC684C}
		{E893FD69-A904-4E47-A1F9-4E1DC6FB413D} = {E893FD69-A904-4E47-A1F9-4E1DC6FB413D}
		{7403F597-14F6-4F33-9800-CCF459C2C074} = {7403F597-14F6-4F33-9800-CCF459C2C074}
		{4109E1AD-E10F-412C-9917-1E381D82EEE6} = {4109E1AD-E10F-412C-9917-1E381D82EEE6}
	EndProjectSection
EndProject
Project("{8BC9CEB8-8B4A-11D0-8D11-00A0C91BC942}") = "civetweb.lib", "civetweb.lib.vcxproj", "{E893FD69-A904-4E47-A1F9-4E1DC6FB413D}"
EndProject
Project("{8BC9CEB8-8B4A-11D0-8D11-00A0C91BC942}") = "deepGbufferRadiosity", "deepGbufferRadiosity.vcxproj", "{EE1D80DA-8967-4FD4-BAF8-AA6CB730C160}"
	ProjectSection(ProjectDependencies) = postProject
		{61744C3D-4AEB-4272-9764-8FC78D7205D9} = {61744C3D-4AEB-4272-9764-8FC78D7205D9}
		{9EA37246-6A7B-4BCF-A524-21A7FF70E65C} = {9EA37246-6A7B-4BCF-A524-21A7FF70E65C}
		{145AA958-4FB6-4A12-8594-BB8FE0C40BD3} = {145AA958-4FB6-4A12-8594-BB8FE0C40BD3}
		{5691E159-2D9B-407F-971F-EA5C592DC524} = {5691E159-2D9B-407F-971F-EA5C592DC524}
		{6F419964-101D-4248-A657-B26139AC684C} = {6F419964-101D-4248-A657-B26139AC684C}
		{E893FD69-A904-4E47-A1F9-4E1DC6FB413D} = {E893FD69-A904-4E47-A1F9-4E1DC6FB413D}
		{7403F597-14F6-4F33-9800-CCF459C2C074} = {7403F597-14F6-4F33-9800-CCF459C2C074}
		{4109E1AD-E10F-412C-9917-1E381D82EEE6} = {4109E1AD-E10F-412C-9917-1E381D82EEE6}
		{1A4CC9C5-D693-4ADA-9866-E8ED97FDF0A0} = {1A4CC9C5-D693-4ADA-9866-E8ED97FDF0A0}
	EndProjectSection
EndProject
Project("{8BC9CEB8-8B4A-11D0-8D11-00A0C91BC942}") = "nfd.lib", "nfd.lib.vcxproj", "{065AF397-08B3-4454-93DC-1F4B519ED3B1}"
EndProject
Project("{8BC9CEB8-8B4A-11D0-8D11-00A0C91BC942}") = "proceduralGeometry", "proceduralGeometry.vcxproj", "{AB75BB7C-5D62-41B7-90D1-DD7D80F32FCC}"
	ProjectSection(ProjectDependencies) = postProject
		{61744C3D-4AEB-4272-9764-8FC78D7205D9} = {61744C3D-4AEB-4272-9764-8FC78D7205D9}
		{9EA37246-6A7B-4BCF-A524-21A7FF70E65C} = {9EA37246-6A7B-4BCF-A524-21A7FF70E65C}
		{145AA958-4FB6-4A12-8594-BB8FE0C40BD3} = {145AA958-4FB6-4A12-8594-BB8FE0C40BD3}
		{065AF397-08B3-4454-93DC-1F4B519ED3B1} = {065AF397-08B3-4454-93DC-1F4B519ED3B1}
	EndProjectSection
EndProject
Project("{8BC9CEB8-8B4A-11D0-8D11-00A0C91BC942}") = "glew.lib", "glew.lib.vcxproj", "{CF984DD7-7048-4938-A1B3-AD8EC1221B99}"
EndProject
Project("{8BC9CEB8-8B4A-11D0-8D11-00A0C91BC942}") = "scratch-jamie", "scratch-jamie.vcxproj", "{29F1715F-790A-4B3D-940B-AB1FB457F325}"
	ProjectSection(ProjectDependencies) = postProject
		{61744C3D-4AEB-4272-9764-8FC78D7205D9} = {61744C3D-4AEB-4272-9764-8FC78D7205D9}
		{9EA37246-6A7B-4BCF-A524-21A7FF70E65C} = {9EA37246-6A7B-4BCF-A524-21A7FF70E65C}
	EndProjectSection
EndProject
Project("{8BC9CEB8-8B4A-11D0-8D11-00A0C91BC942}") = "svo", "svo.vcxproj", "{C896B18C-42B5-403A-958B-1A0C7BDFABC1}"
	ProjectSection(ProjectDependencies) = postProject
		{61744C3D-4AEB-4272-9764-8FC78D7205D9} = {61744C3D-4AEB-4272-9764-8FC78D7205D9}
		{9EA37246-6A7B-4BCF-A524-21A7FF70E65C} = {9EA37246-6A7B-4BCF-A524-21A7FF70E65C}
		{145AA958-4FB6-4A12-8594-BB8FE0C40BD3} = {145AA958-4FB6-4A12-8594-BB8FE0C40BD3}
		{5691E159-2D9B-407F-971F-EA5C592DC524} = {5691E159-2D9B-407F-971F-EA5C592DC524}
		{6F419964-101D-4248-A657-B26139AC684C} = {6F419964-101D-4248-A657-B26139AC684C}
		{065AF397-08B3-4454-93DC-1F4B519ED3B1} = {065AF397-08B3-4454-93DC-1F4B519ED3B1}
		{7403F597-14F6-4F33-9800-CCF459C2C074} = {7403F597-14F6-4F33-9800-CCF459C2C074}
		{4109E1AD-E10F-412C-9917-1E381D82EEE6} = {4109E1AD-E10F-412C-9917-1E381D82EEE6}
		{1A4CC9C5-D693-4ADA-9866-E8ED97FDF0A0} = {1A4CC9C5-D693-4ADA-9866-E8ED97FDF0A0}
		{CF984DD7-7048-4938-A1B3-AD8EC1221B99} = {CF984DD7-7048-4938-A1B3-AD8EC1221B99}
	EndProjectSection
EndProject
Project("{8BC9CEB8-8B4A-11D0-8D11-00A0C91BC942}") = "texture2DArray", "texture2DArray.vcxproj", "{408C744E-B650-4AB1-AFE0-6278FB894A1E}"
EndProject
Project("{8BC9CEB8-8B4A-11D0-8D11-00A0C91BC942}") = "GLG3DVR.lib", "GLG3DVR.lib.vcxproj", "{8E85CA32-F1DD-43A6-B2BF-5A2C61064A96}"
	ProjectSection(ProjectDependencies) = postProject
		{5D66140E-4A97-4C0E-83A8-9FFD83C31819} = {5D66140E-4A97-4C0E-83A8-9FFD83C31819}
		{61744C3D-4AEB-4272-9764-8FC78D7205D9} = {61744C3D-4AEB-4272-9764-8FC78D7205D9}
		{9EA37246-6A7B-4BCF-A524-21A7FF70E65C} = {9EA37246-6A7B-4BCF-A524-21A7FF70E65C}
		{145AA958-4FB6-4A12-8594-BB8FE0C40BD3} = {145AA958-4FB6-4A12-8594-BB8FE0C40BD3}
		{5691E159-2D9B-407F-971F-EA5C592DC524} = {5691E159-2D9B-407F-971F-EA5C592DC524}
		{A284E9A2-0C9C-4AC7-81A1-9D80D4D1C9FA} = {A284E9A2-0C9C-4AC7-81A1-9D80D4D1C9FA}
		{1A4CC9C5-D693-4ADA-9866-E8ED97FDF0A0} = {1A4CC9C5-D693-4ADA-9866-E8ED97FDF0A0}
		{CF984DD7-7048-4938-A1B3-AD8EC1221B99} = {CF984DD7-7048-4938-A1B3-AD8EC1221B99}
	EndProjectSection
EndProject
Project("{8BC9CEB8-8B4A-11D0-8D11-00A0C91BC942}") = "LibOVR.lib", "LibOVR.lib.vcxproj", "{5D66140E-4A97-4C0E-83A8-9FFD83C31819}"
EndProject
Project("{8BC9CEB8-8B4A-11D0-8D11-00A0C91BC942}") = "LibOVRKernel.lib", "LibOVRKernel.lib.vcxproj", "{A284E9A2-0C9C-4AC7-81A1-9D80D4D1C9FA}"
EndProject
Project("{8BC9CEB8-8B4A-11D0-8D11-00A0C91BC942}") = "vrstarter", "vrstarter.vcxproj", "{5CE840C3-5BE0-415D-BAEC-9FFA9D220BD0}"
	ProjectSection(ProjectDependencies) = postProject
		{8E85CA32-F1DD-43A6-B2BF-5A2C61064A96} = {8E85CA32-F1DD-43A6-B2BF-5A2C61064A96}
		{61744C3D-4AEB-4272-9764-8FC78D7205D9} = {61744C3D-4AEB-4272-9764-8FC78D7205D9}
		{9EA37246-6A7B-4BCF-A524-21A7FF70E65C} = {9EA37246-6A7B-4BCF-A524-21A7FF70E65C}
	EndProjectSection
EndProject
Project("{8BC9CEB8-8B4A-11D0-8D11-00A0C91BC942}") = "cpuRealTimeRayTrace", "cpuRealTimeRayTrace.vcxproj", "{9887AA6B-BB85-42BB-8C61-63819F656D95}"
EndProject
Project("{8BC9CEB8-8B4A-11D0-8D11-00A0C91BC942}") = "rayMarch", "rayMarch.vcxproj", "{78AFA771-A890-4A41-9E80-84AA41644E2F}"
EndProject
Project("{8BC9CEB8-8B4A-11D0-8D11-00A0C91BC942}") = "minimalOpenGL", "..\samples\minimalOpenGL\minimalOpenGL.vcxproj", "{974E77D6-1ED3-4B6E-8F2F-4E9C52C3BB70}"
	ProjectSection(ProjectDependencies) = postProject
		{145AA958-4FB6-4A12-8594-BB8FE0C40BD3} = {145AA958-4FB6-4A12-8594-BB8FE0C40BD3}
		{CF984DD7-7048-4938-A1B3-AD8EC1221B99} = {CF984DD7-7048-4938-A1B3-AD8EC1221B99}
	EndProjectSection
EndProject
Global
	GlobalSection(SolutionConfigurationPlatforms) = preSolution
		Debug|x64 = Debug|x64
		Release|x64 = Release|x64
	EndGlobalSection
	GlobalSection(ProjectConfigurationPlatforms) = postSolution
		{7403F597-14F6-4F33-9800-CCF459C2C074}.Debug|x64.ActiveCfg = Release|x64
		{7403F597-14F6-4F33-9800-CCF459C2C074}.Debug|x64.Build.0 = Release|x64
		{7403F597-14F6-4F33-9800-CCF459C2C074}.Release|x64.ActiveCfg = Release|x64
		{7403F597-14F6-4F33-9800-CCF459C2C074}.Release|x64.Build.0 = Release|x64
		{61744C3D-4AEB-4272-9764-8FC78D7205D9}.Debug|x64.ActiveCfg = Debug|x64
		{61744C3D-4AEB-4272-9764-8FC78D7205D9}.Debug|x64.Build.0 = Debug|x64
		{61744C3D-4AEB-4272-9764-8FC78D7205D9}.Release|x64.ActiveCfg = Release|x64
		{61744C3D-4AEB-4272-9764-8FC78D7205D9}.Release|x64.Build.0 = Release|x64
		{4109E1AD-E10F-412C-9917-1E381D82EEE6}.Debug|x64.ActiveCfg = Release|x64
		{4109E1AD-E10F-412C-9917-1E381D82EEE6}.Debug|x64.Build.0 = Release|x64
		{4109E1AD-E10F-412C-9917-1E381D82EEE6}.Release|x64.ActiveCfg = Release|x64
		{4109E1AD-E10F-412C-9917-1E381D82EEE6}.Release|x64.Build.0 = Release|x64
		{5080535A-7851-48C8-A5D9-10F49112AB1F}.Debug|x64.ActiveCfg = Debug|x64
		{5080535A-7851-48C8-A5D9-10F49112AB1F}.Debug|x64.Build.0 = Debug|x64
		{5080535A-7851-48C8-A5D9-10F49112AB1F}.Release|x64.ActiveCfg = Release|x64
		{5080535A-7851-48C8-A5D9-10F49112AB1F}.Release|x64.Build.0 = Release|x64
		{69D4DBB6-C76A-4BBC-A029-AA99693A406F}.Debug|x64.ActiveCfg = Debug|x64
		{69D4DBB6-C76A-4BBC-A029-AA99693A406F}.Debug|x64.Build.0 = Debug|x64
		{69D4DBB6-C76A-4BBC-A029-AA99693A406F}.Release|x64.ActiveCfg = Release|x64
		{69D4DBB6-C76A-4BBC-A029-AA99693A406F}.Release|x64.Build.0 = Release|x64
		{AB43A471-F4D0-423B-B970-1B3825BF366F}.Debug|x64.ActiveCfg = Debug|x64
		{AB43A471-F4D0-423B-B970-1B3825BF366F}.Debug|x64.Build.0 = Debug|x64
		{AB43A471-F4D0-423B-B970-1B3825BF366F}.Release|x64.ActiveCfg = Release|x64
		{AB43A471-F4D0-423B-B970-1B3825BF366F}.Release|x64.Build.0 = Release|x64
		{A5AFADCD-0ABC-4F97-9973-6CC4239F34C9}.Debug|x64.ActiveCfg = Debug|x64
		{A5AFADCD-0ABC-4F97-9973-6CC4239F34C9}.Debug|x64.Build.0 = Debug|x64
		{A5AFADCD-0ABC-4F97-9973-6CC4239F34C9}.Release|x64.ActiveCfg = Release|x64
		{A5AFADCD-0ABC-4F97-9973-6CC4239F34C9}.Release|x64.Build.0 = Release|x64
		{AAA76702-0DFE-48FA-ACDE-E0F519F7DF4A}.Debug|x64.ActiveCfg = Debug|x64
		{AAA76702-0DFE-48FA-ACDE-E0F519F7DF4A}.Debug|x64.Build.0 = Debug|x64
		{AAA76702-0DFE-48FA-ACDE-E0F519F7DF4A}.Release|x64.ActiveCfg = Release|x64
		{AAA76702-0DFE-48FA-ACDE-E0F519F7DF4A}.Release|x64.Build.0 = Release|x64
		{E87FA986-69AF-41E7-B971-E0A515A71673}.Debug|x64.ActiveCfg = Debug|x64
		{E87FA986-69AF-41E7-B971-E0A515A71673}.Debug|x64.Build.0 = Debug|x64
		{E87FA986-69AF-41E7-B971-E0A515A71673}.Release|x64.ActiveCfg = Release|x64
		{E87FA986-69AF-41E7-B971-E0A515A71673}.Release|x64.Build.0 = Release|x64
		{868D7D4D-8F70-4686-803B-615BB9406658}.Debug|x64.ActiveCfg = Debug|x64
		{868D7D4D-8F70-4686-803B-615BB9406658}.Debug|x64.Build.0 = Debug|x64
		{868D7D4D-8F70-4686-803B-615BB9406658}.Release|x64.ActiveCfg = Release|x64
		{868D7D4D-8F70-4686-803B-615BB9406658}.Release|x64.Build.0 = Release|x64
		{9EA37246-6A7B-4BCF-A524-21A7FF70E65C}.Debug|x64.ActiveCfg = Debug|x64
		{9EA37246-6A7B-4BCF-A524-21A7FF70E65C}.Debug|x64.Build.0 = Debug|x64
		{9EA37246-6A7B-4BCF-A524-21A7FF70E65C}.Release|x64.ActiveCfg = Release|x64
		{9EA37246-6A7B-4BCF-A524-21A7FF70E65C}.Release|x64.Build.0 = Release|x64
		{3BCF1B24-F228-4D95-B100-9300E0886C85}.Debug|x64.ActiveCfg = Release|x64
		{3BCF1B24-F228-4D95-B100-9300E0886C85}.Release|x64.ActiveCfg = Release|x64
		{C99B2281-5F0F-4AAF-B2B9-F9468A024E54}.Debug|x64.ActiveCfg = Debug|x64
		{C99B2281-5F0F-4AAF-B2B9-F9468A024E54}.Debug|x64.Build.0 = Debug|x64
		{C99B2281-5F0F-4AAF-B2B9-F9468A024E54}.Release|x64.ActiveCfg = Release|x64
		{C99B2281-5F0F-4AAF-B2B9-F9468A024E54}.Release|x64.Build.0 = Release|x64
		{985177F9-F95C-4815-88A1-D71C108D6C56}.Debug|x64.ActiveCfg = Debug|x64
		{985177F9-F95C-4815-88A1-D71C108D6C56}.Debug|x64.Build.0 = Debug|x64
		{985177F9-F95C-4815-88A1-D71C108D6C56}.Release|x64.ActiveCfg = Release|x64
		{985177F9-F95C-4815-88A1-D71C108D6C56}.Release|x64.Build.0 = Release|x64
		{1A4CC9C5-D693-4ADA-9866-E8ED97FDF0A0}.Debug|x64.ActiveCfg = Debug|x64
		{1A4CC9C5-D693-4ADA-9866-E8ED97FDF0A0}.Debug|x64.Build.0 = Debug|x64
		{1A4CC9C5-D693-4ADA-9866-E8ED97FDF0A0}.Release|x64.ActiveCfg = Release|x64
		{1A4CC9C5-D693-4ADA-9866-E8ED97FDF0A0}.Release|x64.Build.0 = Release|x64
		{2175D5EA-7A70-4BFE-81BB-14C222961EA6}.Debug|x64.ActiveCfg = Debug|x64
		{2175D5EA-7A70-4BFE-81BB-14C222961EA6}.Debug|x64.Build.0 = Debug|x64
		{2175D5EA-7A70-4BFE-81BB-14C222961EA6}.Release|x64.ActiveCfg = Release|x64
		{2175D5EA-7A70-4BFE-81BB-14C222961EA6}.Release|x64.Build.0 = Release|x64
		{EB63548D-C27D-4C51-AF81-587361868EB2}.Debug|x64.ActiveCfg = Debug|x64
		{EB63548D-C27D-4C51-AF81-587361868EB2}.Debug|x64.Build.0 = Debug|x64
		{EB63548D-C27D-4C51-AF81-587361868EB2}.Release|x64.ActiveCfg = Release|x64
		{EB63548D-C27D-4C51-AF81-587361868EB2}.Release|x64.Build.0 = Release|x64
		{6F419964-101D-4248-A657-B26139AC684C}.Debug|x64.ActiveCfg = Release|x64
		{6F419964-101D-4248-A657-B26139AC684C}.Debug|x64.Build.0 = Release|x64
		{6F419964-101D-4248-A657-B26139AC684C}.Release|x64.ActiveCfg = Release|x64
		{6F419964-101D-4248-A657-B26139AC684C}.Release|x64.Build.0 = Release|x64
		{FD12E5C8-116F-47FC-B76F-198A54FB8DA1}.Debug|x64.ActiveCfg = Debug|x64
		{FD12E5C8-116F-47FC-B76F-198A54FB8DA1}.Debug|x64.Build.0 = Debug|x64
		{FD12E5C8-116F-47FC-B76F-198A54FB8DA1}.Release|x64.ActiveCfg = Release|x64
		{FD12E5C8-116F-47FC-B76F-198A54FB8DA1}.Release|x64.Build.0 = Release|x64
		{1AD98E10-5C66-46B3-9139-05217F5B930E}.Debug|x64.ActiveCfg = Debug|x64
		{1AD98E10-5C66-46B3-9139-05217F5B930E}.Debug|x64.Build.0 = Debug|x64
		{1AD98E10-5C66-46B3-9139-05217F5B930E}.Release|x64.ActiveCfg = Release|x64
		{1AD98E10-5C66-46B3-9139-05217F5B930E}.Release|x64.Build.0 = Release|x64
		{145AA958-4FB6-4A12-8594-BB8FE0C40BD3}.Debug|x64.ActiveCfg = Release|x64
		{145AA958-4FB6-4A12-8594-BB8FE0C40BD3}.Debug|x64.Build.0 = Release|x64
		{145AA958-4FB6-4A12-8594-BB8FE0C40BD3}.Release|x64.ActiveCfg = Release|x64
		{145AA958-4FB6-4A12-8594-BB8FE0C40BD3}.Release|x64.Build.0 = Release|x64
		{218B9A94-1E56-4260-AD82-F2043E8105D3}.Debug|x64.ActiveCfg = Debug|x64
		{218B9A94-1E56-4260-AD82-F2043E8105D3}.Release|x64.ActiveCfg = Release|x64
		{8BD125B9-4F3C-4D19-B902-68974F34BD59}.Debug|x64.ActiveCfg = Release|x64
		{8BD125B9-4F3C-4D19-B902-68974F34BD59}.Debug|x64.Build.0 = Release|x64
		{8BD125B9-4F3C-4D19-B902-68974F34BD59}.Release|x64.ActiveCfg = Release|x64
		{8BD125B9-4F3C-4D19-B902-68974F34BD59}.Release|x64.Build.0 = Release|x64
		{F882EBCD-D60D-4491-B3CC-7AB027CB25C9}.Debug|x64.ActiveCfg = Debug|x64
		{F882EBCD-D60D-4491-B3CC-7AB027CB25C9}.Debug|x64.Build.0 = Debug|x64
		{F882EBCD-D60D-4491-B3CC-7AB027CB25C9}.Release|x64.ActiveCfg = Release|x64
		{F882EBCD-D60D-4491-B3CC-7AB027CB25C9}.Release|x64.Build.0 = Release|x64
		{5691E159-2D9B-407F-971F-EA5C592DC524}.Debug|x64.ActiveCfg = debug|x64
		{5691E159-2D9B-407F-971F-EA5C592DC524}.Debug|x64.Build.0 = debug|x64
		{5691E159-2D9B-407F-971F-EA5C592DC524}.Release|x64.ActiveCfg = release|x64
		{5691E159-2D9B-407F-971F-EA5C592DC524}.Release|x64.Build.0 = release|x64
		{EFBA5960-D8F8-4B33-92E5-40F39A398B45}.Debug|x64.ActiveCfg = Debug|x64
		{EFBA5960-D8F8-4B33-92E5-40F39A398B45}.Debug|x64.Build.0 = Debug|x64
		{EFBA5960-D8F8-4B33-92E5-40F39A398B45}.Release|x64.ActiveCfg = Release|x64
		{EFBA5960-D8F8-4B33-92E5-40F39A398B45}.Release|x64.Build.0 = Release|x64
		{B87D787E-E674-465A-AED3-8264ED17DFB1}.Debug|x64.ActiveCfg = Debug|x64
		{B87D787E-E674-465A-AED3-8264ED17DFB1}.Debug|x64.Build.0 = Debug|x64
		{B87D787E-E674-465A-AED3-8264ED17DFB1}.Release|x64.ActiveCfg = Release|x64
		{B87D787E-E674-465A-AED3-8264ED17DFB1}.Release|x64.Build.0 = Release|x64
		{805921ED-D494-4F1D-8B8F-8758A6AD1E31}.Debug|x64.ActiveCfg = Debug|x64
		{805921ED-D494-4F1D-8B8F-8758A6AD1E31}.Debug|x64.Build.0 = Debug|x64
		{805921ED-D494-4F1D-8B8F-8758A6AD1E31}.Release|x64.ActiveCfg = Release|x64
		{805921ED-D494-4F1D-8B8F-8758A6AD1E31}.Release|x64.Build.0 = Release|x64
		{A865411E-4ACA-4F31-B7EE-E62D33343155}.Debug|x64.ActiveCfg = Debug|x64
		{A865411E-4ACA-4F31-B7EE-E62D33343155}.Release|x64.ActiveCfg = Release|x64
		{88376200-8BE6-4436-8F66-388F3366BF84}.Debug|x64.ActiveCfg = Debug|x64
		{88376200-8BE6-4436-8F66-388F3366BF84}.Debug|x64.Build.0 = Debug|x64
		{88376200-8BE6-4436-8F66-388F3366BF84}.Release|x64.ActiveCfg = Release|x64
		{88376200-8BE6-4436-8F66-388F3366BF84}.Release|x64.Build.0 = Release|x64
		{E893FD69-A904-4E47-A1F9-4E1DC6FB413D}.Debug|x64.ActiveCfg = Debug|x64
		{E893FD69-A904-4E47-A1F9-4E1DC6FB413D}.Debug|x64.Build.0 = Debug|x64
		{E893FD69-A904-4E47-A1F9-4E1DC6FB413D}.Release|x64.ActiveCfg = Release|x64
		{E893FD69-A904-4E47-A1F9-4E1DC6FB413D}.Release|x64.Build.0 = Release|x64
		{EE1D80DA-8967-4FD4-BAF8-AA6CB730C160}.Debug|x64.ActiveCfg = Debug|x64
		{EE1D80DA-8967-4FD4-BAF8-AA6CB730C160}.Debug|x64.Build.0 = Debug|x64
		{EE1D80DA-8967-4FD4-BAF8-AA6CB730C160}.Release|x64.ActiveCfg = Release|x64
		{EE1D80DA-8967-4FD4-BAF8-AA6CB730C160}.Release|x64.Build.0 = Release|x64
		{065AF397-08B3-4454-93DC-1F4B519ED3B1}.Debug|x64.ActiveCfg = Release|x64
		{065AF397-08B3-4454-93DC-1F4B519ED3B1}.Debug|x64.Build.0 = Release|x64
		{065AF397-08B3-4454-93DC-1F4B519ED3B1}.Release|x64.ActiveCfg = Release|x64
		{065AF397-08B3-4454-93DC-1F4B519ED3B1}.Release|x64.Build.0 = Release|x64
		{AB75BB7C-5D62-41B7-90D1-DD7D80F32FCC}.Debug|x64.ActiveCfg = Debug|x64
		{AB75BB7C-5D62-41B7-90D1-DD7D80F32FCC}.Debug|x64.Build.0 = Debug|x64
		{AB75BB7C-5D62-41B7-90D1-DD7D80F32FCC}.Release|x64.ActiveCfg = Release|x64
		{AB75BB7C-5D62-41B7-90D1-DD7D80F32FCC}.Release|x64.Build.0 = Release|x64
		{CF984DD7-7048-4938-A1B3-AD8EC1221B99}.Debug|x64.ActiveCfg = Release|x64
		{CF984DD7-7048-4938-A1B3-AD8EC1221B99}.Debug|x64.Build.0 = Release|x64
		{CF984DD7-7048-4938-A1B3-AD8EC1221B99}.Release|x64.ActiveCfg = Release|x64
		{CF984DD7-7048-4938-A1B3-AD8EC1221B99}.Release|x64.Build.0 = Release|x64
		{29F1715F-790A-4B3D-940B-AB1FB457F325}.Debug|x64.ActiveCfg = Debug|x64
		{29F1715F-790A-4B3D-940B-AB1FB457F325}.Debug|x64.Build.0 = Debug|x64
		{29F1715F-790A-4B3D-940B-AB1FB457F325}.Release|x64.ActiveCfg = Release|x64
		{29F1715F-790A-4B3D-940B-AB1FB457F325}.Release|x64.Build.0 = Release|x64
		{C896B18C-42B5-403A-958B-1A0C7BDFABC1}.Debug|x64.ActiveCfg = Debug|x64
		{C896B18C-42B5-403A-958B-1A0C7BDFABC1}.Debug|x64.Build.0 = Debug|x64
		{C896B18C-42B5-403A-958B-1A0C7BDFABC1}.Release|x64.ActiveCfg = Release|x64
		{C896B18C-42B5-403A-958B-1A0C7BDFABC1}.Release|x64.Build.0 = Release|x64
		{408C744E-B650-4AB1-AFE0-6278FB894A1E}.Debug|x64.ActiveCfg = Debug|x64
		{408C744E-B650-4AB1-AFE0-6278FB894A1E}.Debug|x64.Build.0 = Debug|x64
		{408C744E-B650-4AB1-AFE0-6278FB894A1E}.Release|x64.ActiveCfg = Release|x64
		{408C744E-B650-4AB1-AFE0-6278FB894A1E}.Release|x64.Build.0 = Release|x64
		{8E85CA32-F1DD-43A6-B2BF-5A2C61064A96}.Debug|x64.ActiveCfg = Debug|x64
		{8E85CA32-F1DD-43A6-B2BF-5A2C61064A96}.Debug|x64.Build.0 = Debug|x64
		{8E85CA32-F1DD-43A6-B2BF-5A2C61064A96}.Release|x64.ActiveCfg = Release|x64
		{8E85CA32-F1DD-43A6-B2BF-5A2C61064A96}.Release|x64.Build.0 = Release|x64
		{5D66140E-4A97-4C0E-83A8-9FFD83C31819}.Debug|x64.ActiveCfg = Debug|x64
		{5D66140E-4A97-4C0E-83A8-9FFD83C31819}.Debug|x64.Build.0 = Debug|x64
		{5D66140E-4A97-4C0E-83A8-9FFD83C31819}.Release|x64.ActiveCfg = Release|x64
		{A284E9A2-0C9C-4AC7-81A1-9D80D4D1C9FA}.Debug|x64.ActiveCfg = Debug|x64
		{A284E9A2-0C9C-4AC7-81A1-9D80D4D1C9FA}.Debug|x64.Build.0 = Debug|x64
		{A284E9A2-0C9C-4AC7-81A1-9D80D4D1C9FA}.Release|x64.ActiveCfg = Release|x64
		{5CE840C3-5BE0-415D-BAEC-9FFA9D220BD0}.Debug|x64.ActiveCfg = Debug|x64
		{5CE840C3-5BE0-415D-BAEC-9FFA9D220BD0}.Debug|x64.Build.0 = Debug|x64
		{5CE840C3-5BE0-415D-BAEC-9FFA9D220BD0}.Release|x64.ActiveCfg = Release|x64
		{5CE840C3-5BE0-415D-BAEC-9FFA9D220BD0}.Release|x64.Build.0 = Release|x64
		{9887AA6B-BB85-42BB-8C61-63819F656D95}.Debug|x64.ActiveCfg = Debug|x64
		{9887AA6B-BB85-42BB-8C61-63819F656D95}.Debug|x64.Build.0 = Debug|x64
		{9887AA6B-BB85-42BB-8C61-63819F656D95}.Release|x64.ActiveCfg = Release|x64
		{9887AA6B-BB85-42BB-8C61-63819F656D95}.Release|x64.Build.0 = Release|x64
		{78AFA771-A890-4A41-9E80-84AA41644E2F}.Debug|x64.ActiveCfg = Debug|x64
		{78AFA771-A890-4A41-9E80-84AA41644E2F}.Debug|x64.Build.0 = Debug|x64
		{78AFA771-A890-4A41-9E80-84AA41644E2F}.Release|x64.ActiveCfg = Release|x64
		{78AFA771-A890-4A41-9E80-84AA41644E2F}.Release|x64.Build.0 = Release|x64
		{974E77D6-1ED3-4B6E-8F2F-4E9C52C3BB70}.Debug|x64.ActiveCfg = Debug|x64
		{974E77D6-1ED3-4B6E-8F2F-4E9C52C3BB70}.Debug|x64.Build.0 = Debug|x64
		{974E77D6-1ED3-4B6E-8F2F-4E9C52C3BB70}.Release|x64.ActiveCfg = Release|x64
		{974E77D6-1ED3-4B6E-8F2F-4E9C52C3BB70}.Release|x64.Build.0 = Release|x64
	EndGlobalSection
	GlobalSection(SolutionProperties) = preSolution
		HideSolutionNode = FALSE
	EndGlobalSection
	GlobalSection(NestedProjects) = preSolution
		{7403F597-14F6-4F33-9800-CCF459C2C074} = {4BF9F162-90DD-46E4-81F6-6DA46C61C715}
		{4109E1AD-E10F-412C-9917-1E381D82EEE6} = {4BF9F162-90DD-46E4-81F6-6DA46C61C715}
		{69D4DBB6-C76A-4BBC-A029-AA99693A406F} = {46ECEE0B-8B76-4431-84D3-38E83460A3AC}
		{AB43A471-F4D0-423B-B970-1B3825BF366F} = {46ECEE0B-8B76-4431-84D3-38E83460A3AC}
		{A5AFADCD-0ABC-4F97-9973-6CC4239F34C9} = {46ECEE0B-8B76-4431-84D3-38E83460A3AC}
		{AAA76702-0DFE-48FA-ACDE-E0F519F7DF4A} = {E1D03FCB-EB64-4FB0-A0FE-9BC4474B5446}
		{C99B2281-5F0F-4AAF-B2B9-F9468A024E54} = {46ECEE0B-8B76-4431-84D3-38E83460A3AC}
		{1A4CC9C5-D693-4ADA-9866-E8ED97FDF0A0} = {4BF9F162-90DD-46E4-81F6-6DA46C61C715}
		{2175D5EA-7A70-4BFE-81BB-14C222961EA6} = {E1D03FCB-EB64-4FB0-A0FE-9BC4474B5446}
		{EB63548D-C27D-4C51-AF81-587361868EB2} = {46ECEE0B-8B76-4431-84D3-38E83460A3AC}
		{6F419964-101D-4248-A657-B26139AC684C} = {4BF9F162-90DD-46E4-81F6-6DA46C61C715}
		{FD12E5C8-116F-47FC-B76F-198A54FB8DA1} = {46ECEE0B-8B76-4431-84D3-38E83460A3AC}
		{1AD98E10-5C66-46B3-9139-05217F5B930E} = {46ECEE0B-8B76-4431-84D3-38E83460A3AC}
		{145AA958-4FB6-4A12-8594-BB8FE0C40BD3} = {4BF9F162-90DD-46E4-81F6-6DA46C61C715}
		{218B9A94-1E56-4260-AD82-F2043E8105D3} = {E1D03FCB-EB64-4FB0-A0FE-9BC4474B5446}
		{8BD125B9-4F3C-4D19-B902-68974F34BD59} = {46ECEE0B-8B76-4431-84D3-38E83460A3AC}
		{F882EBCD-D60D-4491-B3CC-7AB027CB25C9} = {46ECEE0B-8B76-4431-84D3-38E83460A3AC}
		{5691E159-2D9B-407F-971F-EA5C592DC524} = {4BF9F162-90DD-46E4-81F6-6DA46C61C715}
		{EFBA5960-D8F8-4B33-92E5-40F39A398B45} = {4BF9F162-90DD-46E4-81F6-6DA46C61C715}
		{B87D787E-E674-465A-AED3-8264ED17DFB1} = {46ECEE0B-8B76-4431-84D3-38E83460A3AC}
		{805921ED-D494-4F1D-8B8F-8758A6AD1E31} = {46ECEE0B-8B76-4431-84D3-38E83460A3AC}
		{A865411E-4ACA-4F31-B7EE-E62D33343155} = {E1D03FCB-EB64-4FB0-A0FE-9BC4474B5446}
		{88376200-8BE6-4436-8F66-388F3366BF84} = {E1D03FCB-EB64-4FB0-A0FE-9BC4474B5446}
		{E893FD69-A904-4E47-A1F9-4E1DC6FB413D} = {4BF9F162-90DD-46E4-81F6-6DA46C61C715}
		{EE1D80DA-8967-4FD4-BAF8-AA6CB730C160} = {46ECEE0B-8B76-4431-84D3-38E83460A3AC}
		{065AF397-08B3-4454-93DC-1F4B519ED3B1} = {4BF9F162-90DD-46E4-81F6-6DA46C61C715}
		{AB75BB7C-5D62-41B7-90D1-DD7D80F32FCC} = {46ECEE0B-8B76-4431-84D3-38E83460A3AC}
		{CF984DD7-7048-4938-A1B3-AD8EC1221B99} = {4BF9F162-90DD-46E4-81F6-6DA46C61C715}
		{29F1715F-790A-4B3D-940B-AB1FB457F325} = {E1D03FCB-EB64-4FB0-A0FE-9BC4474B5446}
		{C896B18C-42B5-403A-958B-1A0C7BDFABC1} = {46ECEE0B-8B76-4431-84D3-38E83460A3AC}
		{408C744E-B650-4AB1-AFE0-6278FB894A1E} = {46ECEE0B-8B76-4431-84D3-38E83460A3AC}
		{5D66140E-4A97-4C0E-83A8-9FFD83C31819} = {4BF9F162-90DD-46E4-81F6-6DA46C61C715}
		{A284E9A2-0C9C-4AC7-81A1-9D80D4D1C9FA} = {4BF9F162-90DD-46E4-81F6-6DA46C61C715}
		{5CE840C3-5BE0-415D-BAEC-9FFA9D220BD0} = {46ECEE0B-8B76-4431-84D3-38E83460A3AC}
		{9887AA6B-BB85-42BB-8C61-63819F656D95} = {46ECEE0B-8B76-4431-84D3-38E83460A3AC}
		{78AFA771-A890-4A41-9E80-84AA41644E2F} = {46ECEE0B-8B76-4431-84D3-38E83460A3AC}
		{974E77D6-1ED3-4B6E-8F2F-4E9C52C3BB70} = {46ECEE0B-8B76-4431-84D3-38E83460A3AC}
	EndGlobalSection
EndGlobal
