<?xml version="1.0" encoding="utf-8"?>
<Project ToolsVersion="4.0" xmlns="http://schemas.microsoft.com/developer/msbuild/2003">
  <ItemGroup>
    <Filter Include="Source Files">
      <UniqueIdentifier>{4FC737F1-C7A5-4376-A066-2A32D752A2FF}</UniqueIdentifier>
      <Extensions>cpp;c;cc;cxx;def;odl;idl;hpj;bat;asm;asmx</Extensions>
    </Filter>
    <Filter Include="Header Files">
      <UniqueIdentifier>{93995380-89BD-4b04-88EB-625FBE52EBFB}</UniqueIdentifier>
      <Extensions>h;hpp;hxx;hm;inl;inc;xsd</Extensions>
    </Filter>
  </ItemGroup>
  <ItemGroup>
    <ClCompile Include="..\zlib.lib\source\adler32.c">
      <Filter>Source Files</Filter>
    </ClCompile>
    <ClCompile Include="..\zlib.lib\source\compress.c">
      <Filter>Source Files</Filter>
    </ClCompile>
    <ClCompile Include="..\zlib.lib\source\crc32.c">
      <Filter>Source Files</Filter>
    </ClCompile>
    <ClCompile Include="..\zlib.lib\source\deflate.c">
      <Filter>Source Files</Filter>
    </ClCompile>
    <ClCompile Include="..\zlib.lib\source\infback.c">
      <Filter>Source Files</Filter>
    </ClCompile>
    <ClCompile Include="..\zlib.lib\source\inffast.c">
      <Filter>Source Files</Filter>
    </ClCompile>
    <ClCompile Include="..\zlib.lib\source\inflate.c">
      <Filter>Source Files</Filter>
    </ClCompile>
    <ClCompile Include="..\zlib.lib\source\inftrees.c">
      <Filter>Source Files</Filter>
    </ClCompile>
    <ClCompile Include="..\zlib.lib\source\trees.c">
      <Filter>Source Files</Filter>
    </ClCompile>
    <ClCompile Include="..\zlib.lib\source\uncompr.c">
      <Filter>Source Files</Filter>
    </ClCompile>
    <ClCompile Include="..\zlib.lib\source\zutil.c">
      <Filter>Source Files</Filter>
    </ClCompile>
    <ClCompile Include="..\zlib.lib\source\gzclose.c">
      <Filter>Source Files</Filter>
    </ClCompile>
    <ClCompile Include="..\zlib.lib\source\gzlib.c">
      <Filter>Source Files</Filter>
    </ClCompile>
    <ClCompile Include="..\zlib.lib\source\gzread.c">
      <Filter>Source Files</Filter>
    </ClCompile>
    <ClCompile Include="..\zlib.lib\source\gzwrite.c">
      <Filter>Source Files</Filter>
    </ClCompile>
  </ItemGroup>
  <ItemGroup>
    <ClInclude Include="..\zlib.lib\source\crc32.h">
      <Filter>Source Files</Filter>
    </ClInclude>
    <ClInclude Include="..\zlib.lib\source\deflate.h">
      <Filter>Source Files</Filter>
    </ClInclude>
    <ClInclude Include="..\zlib.lib\source\inffast.h">
      <Filter>Source Files</Filter>
    </ClInclude>
    <ClInclude Include="..\zlib.lib\source\inffixed.h">
      <Filter>Source Files</Filter>
    </ClInclude>
    <ClInclude Include="..\zlib.lib\source\inflate.h">
      <Filter>Source Files</Filter>
    </ClInclude>
    <ClInclude Include="..\zlib.lib\source\inftrees.h">
      <Filter>Source Files</Filter>
    </ClInclude>
    <ClInclude Include="..\zlib.lib\source\trees.h">
      <Filter>Source Files</Filter>
    </ClInclude>
    <ClInclude Include="..\zlib.lib\source\zutil.h">
      <Filter>Source Files</Filter>
    </ClInclude>
    <ClInclude Include="..\zlib.lib\include\zconf.h">
      <Filter>Header Files</Filter>
    </ClInclude>
    <ClInclude Include="..\zlib.lib\include\zlib.h">
      <Filter>Header Files</Filter>
    </ClInclude>
    <ClInclude Include="..\zlib.lib\source\gzguts.h">
      <Filter>Source Files</Filter>
    </ClInclude>
  </ItemGroup>
</Project>