<?xml version="1.0" encoding="utf-8"?>
<Project ToolsVersion="4.0" xmlns="http://schemas.microsoft.com/developer/msbuild/2003">
  <ItemGroup>
    <Filter Include="Source Files">
      <UniqueIdentifier>{4FC737F1-C7A5-4376-A066-2A32D752A2FF}</UniqueIdentifier>
      <Extensions>cpp;c;cc;cxx;def;odl;idl;hpj;bat;asm;asmx</Extensions>
    </Filter>
    <Filter Include="Header Files">
      <UniqueIdentifier>{93995380-89BD-4b04-88EB-625FBE52EBFB}</UniqueIdentifier>
      <Extensions>h;hpp;hxx;hm;inl;inc;xsd</Extensions>
    </Filter>
  </ItemGroup>
  <ItemGroup>
    <ClCompile Include="..\G3D.lib\source\AABox.cpp">
      <Filter>Source Files</Filter>
    </ClCompile>
    <ClCompile Include="..\G3D.lib\source\Any.cpp">
      <Filter>Source Files</Filter>
    </ClCompile>
    <ClCompile Include="..\G3D.lib\source\AreaMemoryManager.cpp">
      <Filter>Source Files</Filter>
    </ClCompile>
    <ClCompile Include="..\G3D.lib\source\BinaryFormat.cpp">
      <Filter>Source Files</Filter>
    </ClCompile>
    <ClCompile Include="..\G3D.lib\source\BinaryInput.cpp">
      <Filter>Source Files</Filter>
    </ClCompile>
    <ClCompile Include="..\G3D.lib\source\BinaryOutput.cpp">
      <Filter>Source Files</Filter>
    </ClCompile>
    <ClCompile Include="..\G3D.lib\source\Box.cpp">
      <Filter>Source Files</Filter>
    </ClCompile>
    <ClCompile Include="..\G3D.lib\source\Box2D.cpp">
      <Filter>Source Files</Filter>
    </ClCompile>
    <ClCompile Include="..\G3D.lib\source\BumpMapPreprocess.cpp">
      <Filter>Source Files</Filter>
    </ClCompile>
    <ClCompile Include="..\G3D.lib\source\Capsule.cpp">
      <Filter>Source Files</Filter>
    </ClCompile>
    <ClCompile Include="..\G3D.lib\source\CollisionDetection.cpp">
      <Filter>Source Files</Filter>
    </ClCompile>
    <ClCompile Include="..\G3D.lib\source\Color1.cpp">
      <Filter>Source Files</Filter>
    </ClCompile>
    <ClCompile Include="..\G3D.lib\source\Color3.cpp">
      <Filter>Source Files</Filter>
    </ClCompile>
    <ClCompile Include="..\G3D.lib\source\Color4.cpp">
      <Filter>Source Files</Filter>
    </ClCompile>
    <ClCompile Include="..\G3D.lib\source\Cone.cpp">
      <Filter>Source Files</Filter>
    </ClCompile>
    <ClCompile Include="..\G3D.lib\source\constants.cpp">
      <Filter>Source Files</Filter>
    </ClCompile>
    <ClCompile Include="..\G3D.lib\source\ConvexPolyhedron.cpp">
      <Filter>Source Files</Filter>
    </ClCompile>
    <ClCompile Include="..\G3D.lib\source\CoordinateFrame.cpp">
      <Filter>Source Files</Filter>
    </ClCompile>
    <ClCompile Include="..\G3D.lib\source\Crypto.cpp">
      <Filter>Source Files</Filter>
    </ClCompile>
    <ClCompile Include="..\G3D.lib\source\Crypto_md5.cpp">
      <Filter>Source Files</Filter>
    </ClCompile>
    <ClCompile Include="..\G3D.lib\source\Cylinder.cpp">
      <Filter>Source Files</Filter>
    </ClCompile>
    <ClCompile Include="..\G3D.lib\source\debugAssert.cpp">
      <Filter>Source Files</Filter>
    </ClCompile>
    <ClCompile Include="..\G3D.lib\source\FileSystem.cpp">
      <Filter>Source Files</Filter>
    </ClCompile>
    <ClCompile Include="..\G3D.lib\source\fileutils.cpp">
      <Filter>Source Files</Filter>
    </ClCompile>
    <ClCompile Include="..\G3D.lib\source\filter.cpp">
      <Filter>Source Files</Filter>
    </ClCompile>
    <ClCompile Include="..\G3D.lib\source\format.cpp">
      <Filter>Source Files</Filter>
    </ClCompile>
    <ClCompile Include="..\G3D.lib\source\g3dfnmatch.cpp">
      <Filter>Source Files</Filter>
    </ClCompile>
    <ClCompile Include="..\G3D.lib\source\g3dmath.cpp">
      <Filter>Source Files</Filter>
    </ClCompile>
    <ClCompile Include="..\G3D.lib\source\GThread.cpp">
      <Filter>Source Files</Filter>
    </ClCompile>
    <ClCompile Include="..\G3D.lib\source\GUniqueID.cpp">
      <Filter>Source Files</Filter>
    </ClCompile>
    <ClCompile Include="..\G3D.lib\source\Image1.cpp">
      <Filter>Source Files</Filter>
    </ClCompile>
    <ClCompile Include="..\G3D.lib\source\Image3.cpp">
      <Filter>Source Files</Filter>
    </ClCompile>
    <ClCompile Include="..\G3D.lib\source\Image4.cpp">
      <Filter>Source Files</Filter>
    </ClCompile>
    <ClCompile Include="..\G3D.lib\source\ImageFormat.cpp">
      <Filter>Source Files</Filter>
    </ClCompile>
    <ClCompile Include="..\G3D.lib\source\ImageFormat_convert.cpp">
      <Filter>Source Files</Filter>
    </ClCompile>
    <ClCompile Include="..\G3D.lib\source\Intersect.cpp">
      <Filter>Source Files</Filter>
    </ClCompile>
    <ClCompile Include="..\G3D.lib\source\license.cpp">
      <Filter>Source Files</Filter>
    </ClCompile>
    <ClCompile Include="..\G3D.lib\source\Line.cpp">
      <Filter>Source Files</Filter>
    </ClCompile>
    <ClCompile Include="..\G3D.lib\source\LineSegment.cpp">
      <Filter>Source Files</Filter>
    </ClCompile>
    <ClCompile Include="..\G3D.lib\source\Log.cpp">
      <Filter>Source Files</Filter>
    </ClCompile>
    <ClCompile Include="..\G3D.lib\source\Matrix.cpp">
      <Filter>Source Files</Filter>
    </ClCompile>
    <ClCompile Include="..\G3D.lib\source\Matrix3.cpp">
      <Filter>Source Files</Filter>
    </ClCompile>
    <ClCompile Include="..\G3D.lib\source\Matrix4.cpp">
      <Filter>Source Files</Filter>
    </ClCompile>
    <ClCompile Include="..\G3D.lib\source\MemoryManager.cpp">
      <Filter>Source Files</Filter>
    </ClCompile>
    <ClCompile Include="..\G3D.lib\source\MeshAlg.cpp">
      <Filter>Source Files</Filter>
    </ClCompile>
    <ClCompile Include="..\G3D.lib\source\MeshAlgAdjacency.cpp">
      <Filter>Source Files</Filter>
    </ClCompile>
    <ClCompile Include="..\G3D.lib\source\MeshAlgWeld.cpp">
      <Filter>Source Files</Filter>
    </ClCompile>
    <ClCompile Include="..\G3D.lib\source\MeshBuilder.cpp">
      <Filter>Source Files</Filter>
    </ClCompile>
    <ClCompile Include="..\G3D.lib\source\NetAddress.cpp">
      <Filter>Source Files</Filter>
    </ClCompile>
    <ClCompile Include="..\G3D.lib\source\NetworkDevice.cpp">
      <Filter>Source Files</Filter>
    </ClCompile>
    <ClCompile Include="..\G3D.lib\source\PhysicsFrame.cpp">
      <Filter>Source Files</Filter>
    </ClCompile>
    <ClCompile Include="..\G3D.lib\source\PhysicsFrameSpline.cpp">
      <Filter>Source Files</Filter>
    </ClCompile>
    <ClCompile Include="..\G3D.lib\source\Plane.cpp">
      <Filter>Source Files</Filter>
    </ClCompile>
    <ClCompile Include="..\G3D.lib\source\PrecomputedRandom.cpp">
      <Filter>Source Files</Filter>
    </ClCompile>
    <ClCompile Include="..\G3D.lib\source\prompt.cpp">
      <Filter>Source Files</Filter>
    </ClCompile>
    <ClCompile Include="..\G3D.lib\source\Quat.cpp">
      <Filter>Source Files</Filter>
    </ClCompile>
    <ClCompile Include="..\G3D.lib\source\Random.cpp">
      <Filter>Source Files</Filter>
    </ClCompile>
    <ClCompile Include="..\G3D.lib\source\Ray.cpp">
      <Filter>Source Files</Filter>
    </ClCompile>
    <ClCompile Include="..\G3D.lib\source\Rect2D.cpp">
      <Filter>Source Files</Filter>
    </ClCompile>
    <ClCompile Include="..\G3D.lib\source\ReferenceCount.cpp">
      <Filter>Source Files</Filter>
    </ClCompile>
    <ClCompile Include="..\G3D.lib\source\RegistryUtil.cpp">
      <Filter>Source Files</Filter>
    </ClCompile>
    <ClCompile Include="..\G3D.lib\source\Sphere.cpp">
      <Filter>Source Files</Filter>
    </ClCompile>
    <ClCompile Include="..\G3D.lib\source\SplineBase.cpp">
      <Filter>Source Files</Filter>
    </ClCompile>
    <ClCompile Include="..\G3D.lib\source\Stopwatch.cpp">
      <Filter>Source Files</Filter>
    </ClCompile>
    <ClCompile Include="..\G3D.lib\source\stringutils.cpp">
      <Filter>Source Files</Filter>
    </ClCompile>
    <ClCompile Include="..\G3D.lib\source\System.cpp">
      <Filter>Source Files</Filter>
    </ClCompile>
    <ClCompile Include="..\G3D.lib\source\TextInput.cpp">
      <Filter>Source Files</Filter>
    </ClCompile>
    <ClCompile Include="..\G3D.lib\source\TextOutput.cpp">
      <Filter>Source Files</Filter>
    </ClCompile>
    <ClCompile Include="..\G3D.lib\source\ThreadSet.cpp">
      <Filter>Source Files</Filter>
    </ClCompile>
    <ClCompile Include="..\G3D.lib\source\Triangle.cpp">
      <Filter>Source Files</Filter>
    </ClCompile>
    <ClCompile Include="..\G3D.lib\source\uint128.cpp">
      <Filter>Source Files</Filter>
    </ClCompile>
    <ClCompile Include="..\G3D.lib\source\UprightFrame.cpp">
      <Filter>Source Files</Filter>
    </ClCompile>
    <ClCompile Include="..\G3D.lib\source\Vector2.cpp">
      <Filter>Source Files</Filter>
    </ClCompile>
    <ClCompile Include="..\G3D.lib\source\Vector2int16.cpp">
      <Filter>Source Files</Filter>
    </ClCompile>
    <ClCompile Include="..\G3D.lib\source\Vector3.cpp">
      <Filter>Source Files</Filter>
    </ClCompile>
    <ClCompile Include="..\G3D.lib\source\Vector3int16.cpp">
      <Filter>Source Files</Filter>
    </ClCompile>
    <ClCompile Include="..\G3D.lib\source\Vector3int32.cpp">
      <Filter>Source Files</Filter>
    </ClCompile>
    <ClCompile Include="..\G3D.lib\source\Vector4.cpp">
      <Filter>Source Files</Filter>
    </ClCompile>
    <ClCompile Include="..\G3D.lib\source\Vector4int8.cpp">
      <Filter>Source Files</Filter>
    </ClCompile>
    <ClCompile Include="..\G3D.lib\source\Welder.cpp">
      <Filter>Source Files</Filter>
    </ClCompile>
    <ClCompile Include="..\G3D.lib\source\WinMain.cpp">
      <Filter>Source Files</Filter>
    </ClCompile>
    <ClCompile Include="..\G3D.lib\source\XML.cpp">
      <Filter>Source Files</Filter>
    </ClCompile>
    <ClCompile Include="..\G3D.lib\source\Vector2int32.cpp">
      <Filter>Source Files</Filter>
    </ClCompile>
    <ClCompile Include="..\G3D.lib\source\ParseError.cpp">
      <Filter>Source Files</Filter>
    </ClCompile>
    <ClCompile Include="..\G3D.lib\source\Noise.cpp">
      <Filter>Source Files</Filter>
    </ClCompile>
    <ClCompile Include="..\G3D.lib\source\RayGridIterator.cpp">
      <Filter>Source Files</Filter>
    </ClCompile>
    <ClCompile Include="..\G3D.lib\source\SpeedLoad.cpp">
      <Filter>Source Files</Filter>
    </ClCompile>
    <ClCompile Include="..\G3D.lib\source\ParseMTL.cpp">
      <Filter>Source Files</Filter>
    </ClCompile>
    <ClCompile Include="..\G3D.lib\source\ParseOBJ.cpp">
      <Filter>Source Files</Filter>
    </ClCompile>
    <ClCompile Include="..\G3D.lib\source\ParsePLY.cpp">
      <Filter>Source Files</Filter>
    </ClCompile>
    <ClCompile Include="..\G3D.lib\source\Color1unorm8.cpp">
      <Filter>Source Files</Filter>
    </ClCompile>
    <ClCompile Include="..\G3D.lib\source\Color3unorm8.cpp">
      <Filter>Source Files</Filter>
    </ClCompile>
    <ClCompile Include="..\G3D.lib\source\Color4unorm8.cpp">
      <Filter>Source Files</Filter>
    </ClCompile>
    <ClCompile Include="..\G3D.lib\source\Image1unorm8.cpp">
      <Filter>Source Files</Filter>
    </ClCompile>
    <ClCompile Include="..\G3D.lib\source\Image3unorm8.cpp">
      <Filter>Source Files</Filter>
    </ClCompile>
    <ClCompile Include="..\G3D.lib\source\Image4unorm8.cpp">
      <Filter>Source Files</Filter>
    </ClCompile>
    <ClCompile Include="..\G3D.lib\source\Parse3DS.cpp">
      <Filter>Source Files</Filter>
    </ClCompile>
    <ClCompile Include="..\G3D.lib\source\Image.cpp">
      <Filter>Source Files</Filter>
    </ClCompile>
    <ClCompile Include="..\G3D.lib\source\Vector2unorm16.cpp">
      <Filter>Source Files</Filter>
    </ClCompile>
    <ClCompile Include="..\G3D.lib\source\unorm16.cpp">
      <Filter>Source Files</Filter>
    </ClCompile>
    <ClCompile Include="..\G3D.lib\source\Image_utils.cpp">
      <Filter>Source Files</Filter>
    </ClCompile>
    <ClCompile Include="..\G3D.lib\source\ImageConvert.cpp">
      <Filter>Source Files</Filter>
    </ClCompile>
    <ClCompile Include="..\G3D.lib\source\Vector4int16.cpp">
      <Filter>Source Files</Filter>
    </ClCompile>
    <ClCompile Include="..\G3D.lib\source\Projection.cpp">
      <Filter>Source Files</Filter>
    </ClCompile>
    <ClCompile Include="..\G3D.lib\source\Line2D.cpp">
      <Filter>Source Files</Filter>
    </ClCompile>
    <ClCompile Include="..\G3D.lib\source\initG3D.cpp">
      <Filter>Source Files</Filter>
    </ClCompile>
    <ClCompile Include="..\G3D.lib\source\PixelTransferBuffer.cpp">
      <Filter>Source Files</Filter>
    </ClCompile>
    <ClCompile Include="..\G3D.lib\source\CPUPixelTransferBuffer.cpp">
      <Filter>Source Files</Filter>
    </ClCompile>
    <ClCompile Include="..\G3D.lib\source\CompassDirection.cpp">
      <Filter>Source Files</Filter>
    </ClCompile>
    <ClCompile Include="..\G3D.lib\source\network.cpp">
      <Filter>Source Files</Filter>
    </ClCompile>
    <ClCompile Include="..\G3D.lib\source\enumclass.cpp">
      <Filter>Source Files</Filter>
    </ClCompile>
    <ClCompile Include="..\G3D.lib\source\HaltonSequence.cpp">
      <Filter>Source Files</Filter>
    </ClCompile>
    <ClCompile Include="..\G3D.lib\source\svnutils.cpp">
      <Filter>Source Files</Filter>
    </ClCompile>
    <ClCompile Include="..\G3D.lib\source\G3DAllocator.cpp">
      <Filter>Source Files</Filter>
    </ClCompile>
    <ClCompile Include="..\G3D.lib\source\svn_info.cpp">
      <Filter>Source Files</Filter>
    </ClCompile>
    <ClCompile Include="..\G3D.lib\source\G3DString.cpp">
      <Filter>Source Files</Filter>
    </ClCompile>
    <ClCompile Include="..\G3D.lib\source\Matrix2.cpp">
      <Filter>Source Files</Filter>
    </ClCompile>
    <ClCompile Include="..\G3D.lib\source\Matrix3x4.cpp">
      <Filter>Source Files</Filter>
    </ClCompile>
    <ClCompile Include="..\G3D.lib\source\Journal.cpp">
      <Filter>Source Files</Filter>
    </ClCompile>
    <ClCompile Include="..\G3D.lib\source\Vector2uint32.cpp">
      <Filter>Source Files</Filter>
    </ClCompile>
    <ClCompile Include="..\G3D.lib\source\float16.cpp">
      <Filter>Source Files</Filter>
    </ClCompile>
    <ClCompile Include="..\G3D.lib\source\Vector4uint16.cpp">
      <Filter>Source Files</Filter>
    </ClCompile>
  </ItemGroup>
  <ItemGroup>
    <ClInclude Include="..\G3D.lib\include\G3D\AABox.h">
      <Filter>Header Files</Filter>
    </ClInclude>
    <ClInclude Include="..\G3D.lib\include\G3D\Any.h">
      <Filter>Header Files</Filter>
    </ClInclude>
    <ClInclude Include="..\G3D.lib\include\G3D\AreaMemoryManager.h">
      <Filter>Header Files</Filter>
    </ClInclude>
    <ClInclude Include="..\G3D.lib\include\G3D\Array.h">
      <Filter>Header Files</Filter>
    </ClInclude>
    <ClInclude Include="..\G3D.lib\include\G3D\AtomicInt32.h">
      <Filter>Header Files</Filter>
    </ClInclude>
    <ClInclude Include="..\G3D.lib\include\G3D\BinaryFormat.h">
      <Filter>Header Files</Filter>
    </ClInclude>
    <ClInclude Include="..\G3D.lib\include\G3D\BinaryInput.h">
      <Filter>Header Files</Filter>
    </ClInclude>
    <ClInclude Include="..\G3D.lib\include\G3D\BinaryOutput.h">
      <Filter>Header Files</Filter>
    </ClInclude>
    <ClInclude Include="..\G3D.lib\include\G3D\BoundsTrait.h">
      <Filter>Header Files</Filter>
    </ClInclude>
    <ClInclude Include="..\G3D.lib\include\G3D\Box.h">
      <Filter>Header Files</Filter>
    </ClInclude>
    <ClInclude Include="..\G3D.lib\include\G3D\Box2D.h">
      <Filter>Header Files</Filter>
    </ClInclude>
    <ClInclude Include="..\G3D.lib\include\G3D\BumpMapPreprocess.h">
      <Filter>Header Files</Filter>
    </ClInclude>
    <ClInclude Include="..\G3D.lib\include\G3D\Capsule.h">
      <Filter>Header Files</Filter>
    </ClInclude>
    <ClInclude Include="..\G3D.lib\include\G3D\CollisionDetection.h">
      <Filter>Header Files</Filter>
    </ClInclude>
    <ClInclude Include="..\G3D.lib\include\G3D\Color1.h">
      <Filter>Header Files</Filter>
    </ClInclude>
    <ClInclude Include="..\G3D.lib\include\G3D\Color3.h">
      <Filter>Header Files</Filter>
    </ClInclude>
    <ClInclude Include="..\G3D.lib\include\G3D\Color4.h">
      <Filter>Header Files</Filter>
    </ClInclude>
    <ClInclude Include="..\G3D.lib\include\G3D\Cone.h">
      <Filter>Header Files</Filter>
    </ClInclude>
    <ClInclude Include="..\G3D.lib\include\G3D\constants.h">
      <Filter>Header Files</Filter>
    </ClInclude>
    <ClInclude Include="..\G3D.lib\include\G3D\ConvexPolyhedron.h">
      <Filter>Header Files</Filter>
    </ClInclude>
    <ClInclude Include="..\G3D.lib\include\G3D\CoordinateFrame.h">
      <Filter>Header Files</Filter>
    </ClInclude>
    <ClInclude Include="..\G3D.lib\include\G3D\Crypto.h">
      <Filter>Header Files</Filter>
    </ClInclude>
    <ClInclude Include="..\G3D.lib\include\G3D\Cylinder.h">
      <Filter>Header Files</Filter>
    </ClInclude>
    <ClInclude Include="..\G3D.lib\include\G3D\debug.h">
      <Filter>Header Files</Filter>
    </ClInclude>
    <ClInclude Include="..\G3D.lib\include\G3D\debugAssert.h">
      <Filter>Header Files</Filter>
    </ClInclude>
    <ClInclude Include="..\G3D.lib\include\G3D\debugPrintf.h">
      <Filter>Header Files</Filter>
    </ClInclude>
    <ClInclude Include="..\G3D.lib\include\G3D\enumclass.h">
      <Filter>Header Files</Filter>
    </ClInclude>
    <ClInclude Include="..\G3D.lib\include\G3D\EqualsTrait.h">
      <Filter>Header Files</Filter>
    </ClInclude>
    <ClInclude Include="..\G3D.lib\include\G3D\FileSystem.h">
      <Filter>Header Files</Filter>
    </ClInclude>
    <ClInclude Include="..\G3D.lib\include\G3D\fileutils.h">
      <Filter>Header Files</Filter>
    </ClInclude>
    <ClInclude Include="..\G3D.lib\include\G3D\filter.h">
      <Filter>Header Files</Filter>
    </ClInclude>
    <ClInclude Include="..\G3D.lib\include\G3D\format.h">
      <Filter>Header Files</Filter>
    </ClInclude>
    <ClInclude Include="..\G3D.lib\include\G3D\G3D.h">
      <Filter>Header Files</Filter>
    </ClInclude>
    <ClInclude Include="..\G3D.lib\include\G3D\G3DAll.h">
      <Filter>Header Files</Filter>
    </ClInclude>
    <ClInclude Include="..\G3D.lib\include\G3D\g3dfnmatch.h">
      <Filter>Header Files</Filter>
    </ClInclude>
    <ClInclude Include="..\G3D.lib\include\G3D\G3DGameUnits.h">
      <Filter>Header Files</Filter>
    </ClInclude>
    <ClInclude Include="..\G3D.lib\include\G3D\g3dmath.h">
      <Filter>Header Files</Filter>
    </ClInclude>
    <ClInclude Include="..\G3D.lib\include\G3D\GMutex.h">
      <Filter>Header Files</Filter>
    </ClInclude>
    <ClInclude Include="..\G3D.lib\include\G3D\GThread.h">
      <Filter>Header Files</Filter>
    </ClInclude>
    <ClInclude Include="..\G3D.lib\include\G3D\GUniqueID.h">
      <Filter>Header Files</Filter>
    </ClInclude>
    <ClInclude Include="..\G3D.lib\include\G3D\HashTrait.h">
      <Filter>Header Files</Filter>
    </ClInclude>
    <ClInclude Include="..\G3D.lib\include\G3D\Image1.h">
      <Filter>Header Files</Filter>
    </ClInclude>
    <ClInclude Include="..\G3D.lib\include\G3D\Image3.h">
      <Filter>Header Files</Filter>
    </ClInclude>
    <ClInclude Include="..\G3D.lib\include\G3D\Image4.h">
      <Filter>Header Files</Filter>
    </ClInclude>
    <ClInclude Include="..\G3D.lib\include\G3D\ImageFormat.h">
      <Filter>Header Files</Filter>
    </ClInclude>
    <ClInclude Include="..\G3D.lib\include\G3D\Intersect.h">
      <Filter>Header Files</Filter>
    </ClInclude>
    <ClInclude Include="..\G3D.lib\include\G3D\KDTree.h">
      <Filter>Header Files</Filter>
    </ClInclude>
    <ClInclude Include="..\G3D.lib\include\G3D\Line.h">
      <Filter>Header Files</Filter>
    </ClInclude>
    <ClInclude Include="..\G3D.lib\include\G3D\LineSegment.h">
      <Filter>Header Files</Filter>
    </ClInclude>
    <ClInclude Include="..\G3D.lib\include\G3D\Log.h">
      <Filter>Header Files</Filter>
    </ClInclude>
    <ClInclude Include="..\G3D.lib\include\G3D\Map2D.h">
      <Filter>Header Files</Filter>
    </ClInclude>
    <ClInclude Include="..\G3D.lib\include\G3D\Matrix.h">
      <Filter>Header Files</Filter>
    </ClInclude>
    <ClInclude Include="..\G3D.lib\include\G3D\Matrix2.h">
      <Filter>Header Files</Filter>
    </ClInclude>
    <ClInclude Include="..\G3D.lib\include\G3D\Matrix3.h">
      <Filter>Header Files</Filter>
    </ClInclude>
    <ClInclude Include="..\G3D.lib\include\G3D\Matrix4.h">
      <Filter>Header Files</Filter>
    </ClInclude>
    <ClInclude Include="..\G3D.lib\include\G3D\MemoryManager.h">
      <Filter>Header Files</Filter>
    </ClInclude>
    <ClInclude Include="..\G3D.lib\include\G3D\MeshAlg.h">
      <Filter>Header Files</Filter>
    </ClInclude>
    <ClInclude Include="..\G3D.lib\include\G3D\MeshBuilder.h">
      <Filter>Header Files</Filter>
    </ClInclude>
    <ClInclude Include="..\G3D.lib\include\G3D\NetAddress.h">
      <Filter>Header Files</Filter>
    </ClInclude>
    <ClInclude Include="..\G3D.lib\include\G3D\NetworkDevice.h">
      <Filter>Header Files</Filter>
    </ClInclude>
    <ClInclude Include="..\G3D.lib\include\G3D\ParseError.h">
      <Filter>Header Files</Filter>
    </ClInclude>
    <ClInclude Include="..\G3D.lib\include\G3D\PhysicsFrame.h">
      <Filter>Header Files</Filter>
    </ClInclude>
    <ClInclude Include="..\G3D.lib\include\G3D\PhysicsFrameSpline.h">
      <Filter>Header Files</Filter>
    </ClInclude>
    <ClInclude Include="..\G3D.lib\include\G3D\Plane.h">
      <Filter>Header Files</Filter>
    </ClInclude>
    <ClInclude Include="..\G3D.lib\include\G3D\platform.h">
      <Filter>Header Files</Filter>
    </ClInclude>
    <ClInclude Include="..\G3D.lib\include\G3D\Pointer.h">
      <Filter>Header Files</Filter>
    </ClInclude>
    <ClInclude Include="..\G3D.lib\include\G3D\PointHashGrid.h">
      <Filter>Header Files</Filter>
    </ClInclude>
    <ClInclude Include="..\G3D.lib\include\G3D\PointKDTree.h">
      <Filter>Header Files</Filter>
    </ClInclude>
    <ClInclude Include="..\G3D.lib\include\G3D\PositionTrait.h">
      <Filter>Header Files</Filter>
    </ClInclude>
    <ClInclude Include="..\G3D.lib\include\G3D\PrecomputedRandom.h">
      <Filter>Header Files</Filter>
    </ClInclude>
    <ClInclude Include="..\G3D.lib\include\G3D\prompt.h">
      <Filter>Header Files</Filter>
    </ClInclude>
    <ClInclude Include="..\G3D.lib\include\G3D\Quat.h">
      <Filter>Header Files</Filter>
    </ClInclude>
    <ClInclude Include="..\G3D.lib\include\G3D\Queue.h">
      <Filter>Header Files</Filter>
    </ClInclude>
    <ClInclude Include="..\G3D.lib\include\G3D\Random.h">
      <Filter>Header Files</Filter>
    </ClInclude>
    <ClInclude Include="..\G3D.lib\include\G3D\Ray.h">
      <Filter>Header Files</Filter>
    </ClInclude>
    <ClInclude Include="..\G3D.lib\include\G3D\Rect2D.h">
      <Filter>Header Files</Filter>
    </ClInclude>
    <ClInclude Include="..\G3D.lib\include\G3D\ReferenceCount.h">
      <Filter>Header Files</Filter>
    </ClInclude>
    <ClInclude Include="..\G3D.lib\include\G3D\RegistryUtil.h">
      <Filter>Header Files</Filter>
    </ClInclude>
    <ClInclude Include="..\G3D.lib\include\G3D\serialize.h">
      <Filter>Header Files</Filter>
    </ClInclude>
    <ClInclude Include="..\G3D.lib\include\G3D\Set.h">
      <Filter>Header Files</Filter>
    </ClInclude>
    <ClInclude Include="..\G3D.lib\include\G3D\SmallArray.h">
      <Filter>Header Files</Filter>
    </ClInclude>
    <ClInclude Include="..\G3D.lib\include\G3D\Sphere.h">
      <Filter>Header Files</Filter>
    </ClInclude>
    <ClInclude Include="..\G3D.lib\include\G3D\Spline.h">
      <Filter>Header Files</Filter>
    </ClInclude>
    <ClInclude Include="..\G3D.lib\include\G3D\splinefunc.h">
      <Filter>Header Files</Filter>
    </ClInclude>
    <ClInclude Include="..\G3D.lib\include\G3D\Stopwatch.h">
      <Filter>Header Files</Filter>
    </ClInclude>
    <ClInclude Include="..\G3D.lib\include\G3D\stringutils.h">
      <Filter>Header Files</Filter>
    </ClInclude>
    <ClInclude Include="..\G3D.lib\include\G3D\System.h">
      <Filter>Header Files</Filter>
    </ClInclude>
    <ClInclude Include="..\G3D.lib\include\G3D\Table.h">
      <Filter>Header Files</Filter>
    </ClInclude>
    <ClInclude Include="..\G3D.lib\include\G3D\TextInput.h">
      <Filter>Header Files</Filter>
    </ClInclude>
    <ClInclude Include="..\G3D.lib\include\G3D\TextOutput.h">
      <Filter>Header Files</Filter>
    </ClInclude>
    <ClInclude Include="..\G3D.lib\include\G3D\ThreadSet.h">
      <Filter>Header Files</Filter>
    </ClInclude>
    <ClInclude Include="..\G3D.lib\include\G3D\Triangle.h">
      <Filter>Header Files</Filter>
    </ClInclude>
    <ClInclude Include="..\G3D.lib\include\G3D\uint128.h">
      <Filter>Header Files</Filter>
    </ClInclude>
    <ClInclude Include="..\G3D.lib\include\G3D\units.h">
      <Filter>Header Files</Filter>
    </ClInclude>
    <ClInclude Include="..\G3D.lib\include\G3D\UprightFrame.h">
      <Filter>Header Files</Filter>
    </ClInclude>
    <ClInclude Include="..\G3D.lib\include\G3D\Vector2.h">
      <Filter>Header Files</Filter>
    </ClInclude>
    <ClInclude Include="..\G3D.lib\include\G3D\Vector2int16.h">
      <Filter>Header Files</Filter>
    </ClInclude>
    <ClInclude Include="..\G3D.lib\include\G3D\Vector3.h">
      <Filter>Header Files</Filter>
    </ClInclude>
    <ClInclude Include="..\G3D.lib\include\G3D\Vector3int16.h">
      <Filter>Header Files</Filter>
    </ClInclude>
    <ClInclude Include="..\G3D.lib\include\G3D\Vector3int32.h">
      <Filter>Header Files</Filter>
    </ClInclude>
    <ClInclude Include="..\G3D.lib\include\G3D\Vector4.h">
      <Filter>Header Files</Filter>
    </ClInclude>
    <ClInclude Include="..\G3D.lib\include\G3D\Vector4int8.h">
      <Filter>Header Files</Filter>
    </ClInclude>
    <ClInclude Include="..\G3D.lib\include\G3D\vectorMath.h">
      <Filter>Header Files</Filter>
    </ClInclude>
    <ClInclude Include="..\G3D.lib\include\G3D\WeakCache.h">
      <Filter>Header Files</Filter>
    </ClInclude>
    <ClInclude Include="..\G3D.lib\include\G3D\Welder.h">
      <Filter>Header Files</Filter>
    </ClInclude>
    <ClInclude Include="..\G3D.lib\include\G3D\WrapMode.h">
      <Filter>Header Files</Filter>
    </ClInclude>
    <ClInclude Include="..\G3D.lib\include\G3D\XML.h">
      <Filter>Header Files</Filter>
    </ClInclude>
    <ClInclude Include="..\G3D.lib\include\G3D\Vector2int32.h">
      <Filter>Header Files</Filter>
    </ClInclude>
    <ClInclude Include="..\G3D.lib\include\G3D\SpawnBehavior.h">
      <Filter>Header Files</Filter>
    </ClInclude>
    <ClInclude Include="..\G3D.lib\include\G3D\CubeFace.h">
      <Filter>Header Files</Filter>
    </ClInclude>
    <ClInclude Include="..\G3D.lib\include\G3D\Noise.h">
      <Filter>Header Files</Filter>
    </ClInclude>
    <ClInclude Include="..\G3D.lib\include\G3D\RayGridIterator.h">
      <Filter>Header Files</Filter>
    </ClInclude>
    <ClInclude Include="..\G3D.lib\include\G3D\BIN.h">
      <Filter>Header Files</Filter>
    </ClInclude>
    <ClInclude Include="..\G3D.lib\include\G3D\typeutils.h">
      <Filter>Header Files</Filter>
    </ClInclude>
    <ClInclude Include="..\G3D.lib\include\G3D\SpeedLoad.h">
      <Filter>Header Files</Filter>
    </ClInclude>
    <ClInclude Include="..\G3D.lib\include\G3D\ParseMTL.h">
      <Filter>Header Files</Filter>
    </ClInclude>
    <ClInclude Include="..\G3D.lib\include\G3D\ParseOBJ.h">
      <Filter>Header Files</Filter>
    </ClInclude>
    <ClInclude Include="..\G3D.lib\include\G3D\ParsePLY.h">
      <Filter>Header Files</Filter>
    </ClInclude>
    <ClInclude Include="..\G3D.lib\include\G3D\Color1unorm8.h">
      <Filter>Header Files</Filter>
    </ClInclude>
    <ClInclude Include="..\G3D.lib\include\G3D\Color2unorm8.h">
      <Filter>Header Files</Filter>
    </ClInclude>
    <ClInclude Include="..\G3D.lib\include\G3D\Color3unorm8.h">
      <Filter>Header Files</Filter>
    </ClInclude>
    <ClInclude Include="..\G3D.lib\include\G3D\Color4unorm8.h">
      <Filter>Header Files</Filter>
    </ClInclude>
    <ClInclude Include="..\G3D.lib\include\G3D\Image1unorm8.h">
      <Filter>Header Files</Filter>
    </ClInclude>
    <ClInclude Include="..\G3D.lib\include\G3D\Image3unorm8.h">
      <Filter>Header Files</Filter>
    </ClInclude>
    <ClInclude Include="..\G3D.lib\include\G3D\Image4unorm8.h">
      <Filter>Header Files</Filter>
    </ClInclude>
    <ClInclude Include="..\G3D.lib\include\G3D\unorm8.h">
      <Filter>Header Files</Filter>
    </ClInclude>
    <ClInclude Include="..\G3D.lib\include\G3D\Parse3DS.h">
      <Filter>Header Files</Filter>
    </ClInclude>
    <ClInclude Include="..\G3D.lib\include\G3D\FileNotFound.h">
      <Filter>Header Files</Filter>
    </ClInclude>
    <ClInclude Include="..\G3D.lib\include\G3D\Image.h">
      <Filter>Header Files</Filter>
    </ClInclude>
    <ClInclude Include="..\G3D.lib\include\G3D\snorm8.h">
      <Filter>Header Files</Filter>
    </ClInclude>
    <ClInclude Include="..\G3D.lib\include\G3D\snorm16.h">
      <Filter>Header Files</Filter>
    </ClInclude>
    <ClInclude Include="..\G3D.lib\include\G3D\unorm16.h">
      <Filter>Header Files</Filter>
    </ClInclude>
    <ClInclude Include="..\G3D.lib\include\G3D\Vector2unorm16.h">
      <Filter>Header Files</Filter>
    </ClInclude>
    <ClInclude Include="..\G3D.lib\include\G3D\ImageConvert.h">
      <Filter>Header Files</Filter>
    </ClInclude>
    <ClInclude Include="..\G3D.lib\include\G3D\Vector4int16.h">
      <Filter>Header Files</Filter>
    </ClInclude>
    <ClInclude Include="..\G3D.lib\include\G3D\PathDirection.h">
      <Filter>Header Files</Filter>
    </ClInclude>
    <ClInclude Include="..\G3D.lib\include\G3D\Projection.h">
      <Filter>Header Files</Filter>
    </ClInclude>
    <ClInclude Include="..\G3D.lib\include\G3D\Frustum.h">
      <Filter>Header Files</Filter>
    </ClInclude>
    <ClInclude Include="..\G3D.lib\include\G3D\CullFace.h">
      <Filter>Header Files</Filter>
    </ClInclude>
    <ClInclude Include="..\G3D.lib\include\G3D\Line2D.h">
      <Filter>Header Files</Filter>
    </ClInclude>
    <ClInclude Include="..\G3D.lib\include\G3D\FastPointHashGrid.h">
      <Filter>Header Files</Filter>
    </ClInclude>
    <ClInclude Include="..\G3D.lib\include\G3D\FastPODTable.h">
      <Filter>Header Files</Filter>
    </ClInclude>
    <ClInclude Include="..\G3D.lib\include\G3D\PixelTransferBuffer.h">
      <Filter>Header Files</Filter>
    </ClInclude>
    <ClInclude Include="..\G3D.lib\include\G3D\netheaders.h">
      <Filter>Header Files</Filter>
    </ClInclude>
    <ClInclude Include="..\G3D.lib\include\G3D\CPUPixelTransferBuffer.h">
      <Filter>Header Files</Filter>
    </ClInclude>
    <ClInclude Include="..\G3D.lib\include\G3D\CompassDirection.h">
      <Filter>Header Files</Filter>
    </ClInclude>
    <ClInclude Include="..\G3D.lib\include\G3D\Vector4int32.h">
      <Filter>Header Files</Filter>
    </ClInclude>
    <ClInclude Include="..\G3D.lib\source\Vector4int32.cpp">
      <Filter>Source Files</Filter>
    </ClInclude>
    <ClInclude Include="..\G3D.lib\include\G3D\network.h">
      <Filter>Header Files</Filter>
    </ClInclude>
    <ClInclude Include="..\G3D.lib\include\G3D\SplineExtrapolationMode.h">
      <Filter>Header Files</Filter>
    </ClInclude>
    <ClInclude Include="..\G3D.lib\include\G3D\ThreadsafeQueue.h">
      <Filter>Header Files</Filter>
    </ClInclude>
    <ClInclude Include="..\G3D.lib\include\G3D\Access.h">
      <Filter>Header Files</Filter>
    </ClInclude>
    <ClInclude Include="..\G3D.lib\include\G3D\HaltonSequence.h">
      <Filter>Header Files</Filter>
    </ClInclude>
    <ClInclude Include="..\G3D.lib\include\G3D\DoNotInitialize.h">
      <Filter>Header Files</Filter>
    </ClInclude>
    <ClInclude Include="..\G3D.lib\include\G3D\InterpolateMode.h">
      <Filter>Header Files</Filter>
    </ClInclude>
    <ClInclude Include="..\G3D.lib\include\G3D\DepthReadMode.h">
      <Filter>Header Files</Filter>
    </ClInclude>
    <ClInclude Include="..\G3D.lib\include\G3D\svnutils.h">
      <Filter>Header Files</Filter>
    </ClInclude>
    <ClInclude Include="..\G3D.lib\include\G3D\G3DAllocator.h">
      <Filter>Header Files</Filter>
    </ClInclude>
    <ClInclude Include="..\G3D.lib\include\G3D\G3DString.h">
      <Filter>Header Files</Filter>
    </ClInclude>
    <ClInclude Include="..\G3D.lib\include\G3D\FrameName.h">
      <Filter>Header Files</Filter>
    </ClInclude>
    <ClInclude Include="..\G3D.lib\include\G3D\OrderedTable.h">
      <Filter>Header Files</Filter>
    </ClInclude>
    <ClInclude Include="..\G3D.lib\include\G3D\Matrix3x4.h">
      <Filter>Header Files</Filter>
    </ClInclude>
    <ClInclude Include="..\G3D.lib\include\G3D\svn_info.h">
      <Filter>Header Files</Filter>
    </ClInclude>
    <ClInclude Include="..\G3D.lib\include\G3D\Journal.h">
      <Filter>Header Files</Filter>
    </ClInclude>
    <ClInclude Include="..\G3D.lib\include\G3D\Grid.h">
      <Filter>Header Files</Filter>
    </ClInclude>
    <ClInclude Include="..\G3D.lib\include\G3D\Pathfinder.h">
      <Filter>Header Files</Filter>
    </ClInclude>
    <ClInclude Include="..\G3D.lib\include\G3D\DepthFirstTreeBuilder.h">
      <Filter>Header Files</Filter>
    </ClInclude>
    <ClInclude Include="..\G3D.lib\include\G3D\SmallTable.h">
      <Filter>Header Files</Filter>
    </ClInclude>
    <ClInclude Include="..\G3D.lib\include\G3D\Vector2uint32.h">
      <Filter>Header Files</Filter>
    </ClInclude>
    <ClInclude Include="..\G3D.lib\include\G3D\float16.h">
      <Filter>Header Files</Filter>
    </ClInclude>
    <ClInclude Include="..\G3D.lib\source\toFloat.h">
      <Filter>Source Files</Filter>
    </ClInclude>
    <ClInclude Include="..\G3D.lib\source\eLut.h">
      <Filter>Source Files</Filter>
    </ClInclude>
    <ClInclude Include="..\G3D.lib\include\G3D\Vector4uint16.h">
      <Filter>Header Files</Filter>
    </ClInclude>
    <ClInclude Include="..\G3D.lib\include\G3D\lazy_ptr.h">
      <Filter>Header Files</Filter>
    </ClInclude>
  </ItemGroup>
  <ItemGroup>
    <None Include="..\G3D.lib\source\svn_info.tmpl">
      <Filter>Source Files</Filter>
    </None>
  </ItemGroup>
</Project>