<?xml version="1.0" encoding="utf-8"?>
<Project ToolsVersion="4.0" xmlns="http://schemas.microsoft.com/developer/msbuild/2003">
  <ItemGroup>
    <Filter Include="Source Files">
      <UniqueIdentifier>{4FC737F1-C7A5-4376-A066-2A32D752A2FF}</UniqueIdentifier>
      <Extensions>cpp;c;cc;cxx;def;odl;idl;hpj;bat;asm;asmx</Extensions>
    </Filter>
    <Filter Include="Header Files">
      <UniqueIdentifier>{93995380-89BD-4b04-88EB-625FBE52EBFB}</UniqueIdentifier>
      <Extensions>h;hpp;hxx;hm;inl;inc;xsd</Extensions>
    </Filter>
  </ItemGroup>
  <ItemGroup>
    <ClCompile Include="..\qrencode.lib\source\qrspec.c">
      <Filter>Source Files</Filter>
    </ClCompile>
    <ClCompile Include="..\qrencode.lib\source\rscode.c">
      <Filter>Source Files</Filter>
    </ClCompile>
    <ClCompile Include="..\qrencode.lib\source\split.c">
      <Filter>Source Files</Filter>
    </ClCompile>
    <ClCompile Include="..\qrencode.lib\source\bitstream.c">
      <Filter>Source Files</Filter>
    </ClCompile>
    <ClCompile Include="..\qrencode.lib\source\mask.c">
      <Filter>Source Files</Filter>
    </ClCompile>
    <ClCompile Include="..\qrencode.lib\source\mmask.c">
      <Filter>Source Files</Filter>
    </ClCompile>
    <ClCompile Include="..\qrencode.lib\source\mqrspec.c">
      <Filter>Source Files</Filter>
    </ClCompile>
    <ClCompile Include="..\qrencode.lib\source\qrencode.c">
      <Filter>Source Files</Filter>
    </ClCompile>
    <ClCompile Include="..\qrencode.lib\source\qrinput.c">
      <Filter>Source Files</Filter>
    </ClCompile>
  </ItemGroup>
  <ItemGroup>
    <ClInclude Include="..\qrencode.lib\source\qrspec.h">
      <Filter>Source Files</Filter>
    </ClInclude>
    <ClInclude Include="..\qrencode.lib\source\rscode.h">
      <Filter>Source Files</Filter>
    </ClInclude>
    <ClInclude Include="..\qrencode.lib\source\split.h">
      <Filter>Source Files</Filter>
    </ClInclude>
    <ClInclude Include="..\qrencode.lib\source\bitstream.h">
      <Filter>Source Files</Filter>
    </ClInclude>
    <ClInclude Include="..\qrencode.lib\source\config.h">
      <Filter>Source Files</Filter>
    </ClInclude>
    <ClInclude Include="..\qrencode.lib\source\mask.h">
      <Filter>Source Files</Filter>
    </ClInclude>
    <ClInclude Include="..\qrencode.lib\source\mmask.h">
      <Filter>Source Files</Filter>
    </ClInclude>
    <ClInclude Include="..\qrencode.lib\source\mqrspec.h">
      <Filter>Source Files</Filter>
    </ClInclude>
    <ClInclude Include="..\qrencode.lib\source\qrencode.h">
      <Filter>Source Files</Filter>
    </ClInclude>
    <ClInclude Include="..\qrencode.lib\source\qrencode_inner.h">
      <Filter>Source Files</Filter>
    </ClInclude>
    <ClInclude Include="..\qrencode.lib\source\qrinput.h">
      <Filter>Source Files</Filter>
    </ClInclude>
    <ClInclude Include="..\qrencode.lib\include\qrencode.h">
      <Filter>Header Files</Filter>
    </ClInclude>
  </ItemGroup>
</Project>