<?xml version="1.0" encoding="utf-8"?>
<Project ToolsVersion="4.0" xmlns="http://schemas.microsoft.com/developer/msbuild/2003">
  <ItemGroup>
    <Filter Include="Source Files">
      <UniqueIdentifier>{4FC737F1-C7A5-4376-A066-2A32D752A2FF}</UniqueIdentifier>
      <Extensions>cpp;c;cc;cxx;def;odl;idl;hpj;bat;asm;asmx</Extensions>
    </Filter>
    <Filter Include="Header Files">
      <UniqueIdentifier>{93995380-89BD-4b04-88EB-625FBE52EBFB}</UniqueIdentifier>
      <Extensions>h;hpp;hxx;hm;inl;inc;xsd</Extensions>
    </Filter>
    <Filter Include="Resource Files">
      <UniqueIdentifier>{67DA6AB6-F800-4c08-8B7A-83BB121AAD01}</UniqueIdentifier>
      <Extensions>rc;ico;cur;bmp;dlg;rc2;rct;bin;rgs;gif;jpg;jpeg;jpe;resx;tiff;tif;png;wav;mfcribbon-ms</Extensions>
    </Filter>
  </ItemGroup>
  <ItemGroup>
    <ClCompile Include="..\test\tSystemMemset.cpp">
      <Filter>Source Files</Filter>
    </ClCompile>
    <ClCompile Include="..\test\tTable.cpp">
      <Filter>Source Files</Filter>
    </ClCompile>
    <ClCompile Include="..\test\tTextInput.cpp">
      <Filter>Source Files</Filter>
    </ClCompile>
    <ClCompile Include="..\test\tTextInput2.cpp">
      <Filter>Source Files</Filter>
    </ClCompile>
    <ClCompile Include="..\test\tTextOutput.cpp">
      <Filter>Source Files</Filter>
    </ClCompile>
    <ClCompile Include="..\test\tuint128.cpp">
      <Filter>Source Files</Filter>
    </ClCompile>
    <ClCompile Include="..\test\tWeakCache.cpp">
      <Filter>Source Files</Filter>
    </ClCompile>
    <ClCompile Include="..\test\tzip.cpp">
      <Filter>Source Files</Filter>
    </ClCompile>
    <ClCompile Include="..\test\main.cpp">
      <Filter>Source Files</Filter>
    </ClCompile>
    <ClCompile Include="..\test\tAABox.cpp">
      <Filter>Source Files</Filter>
    </ClCompile>
    <ClCompile Include="..\test\tAny.cpp">
      <Filter>Source Files</Filter>
    </ClCompile>
    <ClCompile Include="..\test\tArray.cpp">
      <Filter>Source Files</Filter>
    </ClCompile>
    <ClCompile Include="..\test\tAtomicInt32.cpp">
      <Filter>Source Files</Filter>
    </ClCompile>
    <ClCompile Include="..\test\tBinaryIO.cpp">
      <Filter>Source Files</Filter>
    </ClCompile>
    <ClCompile Include="..\test\tCallback.cpp">
      <Filter>Source Files</Filter>
    </ClCompile>
    <ClCompile Include="..\test\tCollisionDetection.cpp">
      <Filter>Source Files</Filter>
    </ClCompile>
    <ClCompile Include="..\test\tFileSystem.cpp">
      <Filter>Source Files</Filter>
    </ClCompile>
    <ClCompile Include="..\test\tfilter.cpp">
      <Filter>Source Files</Filter>
    </ClCompile>
    <ClCompile Include="..\test\tGThread.cpp">
      <Filter>Source Files</Filter>
    </ClCompile>
    <ClCompile Include="..\test\tImageConvert.cpp">
      <Filter>Source Files</Filter>
    </ClCompile>
    <ClCompile Include="..\test\tKDTree.cpp">
      <Filter>Source Files</Filter>
    </ClCompile>
    <ClCompile Include="..\test\tMap2D.cpp">
      <Filter>Source Files</Filter>
    </ClCompile>
    <ClCompile Include="..\test\tMatrix.cpp">
      <Filter>Source Files</Filter>
    </ClCompile>
    <ClCompile Include="..\test\tMatrix3.cpp">
      <Filter>Source Files</Filter>
    </ClCompile>
    <ClCompile Include="..\test\tMeshAlgAdjacency.cpp">
      <Filter>Source Files</Filter>
    </ClCompile>
    <ClCompile Include="..\test\tMeshAlgTangentSpace.cpp">
      <Filter>Source Files</Filter>
    </ClCompile>
    <ClCompile Include="..\test\tPointHashGrid.cpp">
      <Filter>Source Files</Filter>
    </ClCompile>
    <ClCompile Include="..\test\tQuat.cpp">
      <Filter>Source Files</Filter>
    </ClCompile>
    <ClCompile Include="..\test\tQueue.cpp">
      <Filter>Source Files</Filter>
    </ClCompile>
    <ClCompile Include="..\test\tRandom.cpp">
      <Filter>Source Files</Filter>
    </ClCompile>
    <ClCompile Include="..\test\tReferenceCount.cpp">
      <Filter>Source Files</Filter>
    </ClCompile>
    <ClCompile Include="..\test\tReliableConduit.cpp">
      <Filter>Source Files</Filter>
    </ClCompile>
    <ClCompile Include="..\test\tSpline.cpp">
      <Filter>Source Files</Filter>
    </ClCompile>
    <ClCompile Include="..\test\tSystemMemcpy.cpp">
      <Filter>Source Files</Filter>
    </ClCompile>
    <ClCompile Include="..\test\tSpeedLoad.cpp">
      <Filter>Source Files</Filter>
    </ClCompile>
    <ClCompile Include="..\test\tnorm.cpp">
      <Filter>Source Files</Filter>
    </ClCompile>
    <ClCompile Include="..\test\tImage.cpp">
      <Filter>Source Files</Filter>
    </ClCompile>
    <ClCompile Include="..\test\tstring.cpp">
      <Filter>Source Files</Filter>
    </ClCompile>
    <ClCompile Include="..\test\App.cpp">
      <Filter>Source Files</Filter>
    </ClCompile>
    <ClCompile Include="..\test\tFullRender.cpp">
      <Filter>Source Files</Filter>
    </ClCompile>
  </ItemGroup>
  <ItemGroup>
    <ClInclude Include="..\test\App.h">
      <Filter>Header Files</Filter>
    </ClInclude>
    <ClInclude Include="..\test\testassert.h">
      <Filter>Header Files</Filter>
    </ClInclude>
  </ItemGroup>
</Project>